// !$*UTF8*$!
{
	archiveVersion = 1;
	classes = {
	};
	objectVersion = 50;
	objects = {

/* Begin PBXBuildFile section */
		B32F5BCA243BDA5800C930DC /* AppDelegate.swift in Sources */ = {isa = PBXBuildFile; fileRef = B32F5BC9243BDA5800C930DC /* AppDelegate.swift */; };
		B32F5BCC243BDA5800C930DC /* SceneDelegate.swift in Sources */ = {isa = PBXBuildFile; fileRef = B32F5BCB243BDA5800C930DC /* SceneDelegate.swift */; };
		B32F5BCE243BDA5800C930DC /* ViewController.swift in Sources */ = {isa = PBXBuildFile; fileRef = B32F5BCD243BDA5800C930DC /* ViewController.swift */; };
		B32F5BD1243BDA5800C930DC /* Main.storyboard in Resources */ = {isa = PBXBuildFile; fileRef = B32F5BCF243BDA5800C930DC /* Main.storyboard */; };
		B32F5BD3243BDA5C00C930DC /* Assets.xcassets in Resources */ = {isa = PBXBuildFile; fileRef = B32F5BD2243BDA5C00C930DC /* Assets.xcassets */; };
		B32F5BD6243BDA5C00C930DC /* LaunchScreen.storyboard in Resources */ = {isa = PBXBuildFile; fileRef = B32F5BD4243BDA5C00C930DC /* LaunchScreen.storyboard */; };
		B32F5BE1243BDA5D00C930DC /* project_sixTests.swift in Sources */ = {isa = PBXBuildFile; fileRef = B32F5BE0243BDA5D00C930DC /* project_sixTests.swift */; };
		B32F5BEC243BDA5D00C930DC /* project_sixUITests.swift in Sources */ = {isa = PBXBuildFile; fileRef = B32F5BEB243BDA5D00C930DC /* project_sixUITests.swift */; };
/* End PBXBuildFile section */

/* Begin PBXContainerItemProxy section */
		B32F5BDD243BDA5D00C930DC /* PBXContainerItemProxy */ = {
			isa = PBXContainerItemProxy;
			containerPortal = B32F5BBE243BDA5800C930DC /* Project object */;
			proxyType = 1;
			remoteGlobalIDString = B32F5BC5243BDA5800C930DC;
			remoteInfo = "project-six";
		};
		B32F5BE8243BDA5D00C930DC /* PBXContainerItemProxy */ = {
			isa = PBXContainerItemProxy;
			containerPortal = B32F5BBE243BDA5800C930DC /* Project object */;
			proxyType = 1;
			remoteGlobalIDString = B32F5BC5243BDA5800C930DC;
			remoteInfo = "project-six";
		};
/* End PBXContainerItemProxy section */

/* Begin PBXFileReference section */
		B32F5BC6243BDA5800C930DC /* project-six.app */ = {isa = PBXFileReference; explicitFileType = wrapper.application; includeInIndex = 0; path = "project-six.app"; sourceTree = BUILT_PRODUCTS_DIR; };
		B32F5BC9243BDA5800C930DC /* AppDelegate.swift */ = {isa = PBXFileReference; lastKnownFileType = sourcecode.swift; path = AppDelegate.swift; sourceTree = "<group>"; };
		B32F5BCB243BDA5800C930DC /* SceneDelegate.swift */ = {isa = PBXFileReference; lastKnownFileType = sourcecode.swift; path = SceneDelegate.swift; sourceTree = "<group>"; };
		B32F5BCD243BDA5800C930DC /* ViewController.swift */ = {isa = PBXFileReference; lastKnownFileType = sourcecode.swift; path = ViewController.swift; sourceTree = "<group>"; };
		B32F5BD0243BDA5800C930DC /* Base */ = {isa = PBXFileReference; lastKnownFileType = file.storyboard; name = Base; path = Base.lproj/Main.storyboard; sourceTree = "<group>"; };
		B32F5BD2243BDA5C00C930DC /* Assets.xcassets */ = {isa = PBXFileReference; lastKnownFileType = folder.assetcatalog; path = Assets.xcassets; sourceTree = "<group>"; };
		B32F5BD5243BDA5C00C930DC /* Base */ = {isa = PBXFileReference; lastKnownFileType = file.storyboard; name = Base; path = Base.lproj/LaunchScreen.storyboard; sourceTree = "<group>"; };
		B32F5BD7243BDA5D00C930DC /* Info.plist */ = {isa = PBXFileReference; lastKnownFileType = text.plist.xml; path = Info.plist; sourceTree = "<group>"; };
		B32F5BDC243BDA5D00C930DC /* project-sixTests.xctest */ = {isa = PBXFileReference; explicitFileType = wrapper.cfbundle; includeInIndex = 0; path = "project-sixTests.xctest"; sourceTree = BUILT_PRODUCTS_DIR; };
		B32F5BE0243BDA5D00C930DC /* project_sixTests.swift */ = {isa = PBXFileReference; lastKnownFileType = sourcecode.swift; path = project_sixTests.swift; sourceTree = "<group>"; };
		B32F5BE2243BDA5D00C930DC /* Info.plist */ = {isa = PBXFileReference; lastKnownFileType = text.plist.xml; path = Info.plist; sourceTree = "<group>"; };
		B32F5BE7243BDA5D00C930DC /* project-sixUITests.xctest */ = {isa = PBXFileReference; explicitFileType = wrapper.cfbundle; includeInIndex = 0; path = "project-sixUITests.xctest"; sourceTree = BUILT_PRODUCTS_DIR; };
		B32F5BEB243BDA5D00C930DC /* project_sixUITests.swift */ = {isa = PBXFileReference; lastKnownFileType = sourcecode.swift; path = project_sixUITests.swift; sourceTree = "<group>"; };
		B32F5BED243BDA5D00C930DC /* Info.plist */ = {isa = PBXFileReference; lastKnownFileType = text.plist.xml; path = Info.plist; sourceTree = "<group>"; };
/* End PBXFileReference section */

/* Begin PBXFrameworksBuildPhase section */
		B32F5BC3243BDA5800C930DC /* Frameworks */ = {
			isa = PBXFrameworksBuildPhase;
			buildActionMask = 2147483647;
			files = (
			);
			runOnlyForDeploymentPostprocessing = 0;
		};
		B32F5BD9243BDA5D00C930DC /* Frameworks */ = {
			isa = PBXFrameworksBuildPhase;
			buildActionMask = 2147483647;
			files = (
			);
			runOnlyForDeploymentPostprocessing = 0;
		};
		B32F5BE4243BDA5D00C930DC /* Frameworks */ = {
			isa = PBXFrameworksBuildPhase;
			buildActionMask = 2147483647;
			files = (
			);
			runOnlyForDeploymentPostprocessing = 0;
		};
/* End PBXFrameworksBuildPhase section */

/* Begin PBXGroup section */
		B32F5BBD243BDA5800C930DC = {
			isa = PBXGroup;
			children = (
				B32F5BC8243BDA5800C930DC /* project-six */,
				B32F5BDF243BDA5D00C930DC /* project-sixTests */,
				B32F5BEA243BDA5D00C930DC /* project-sixUITests */,
				B32F5BC7243BDA5800C930DC /* Products */,
			);
			sourceTree = "<group>";
		};
		B32F5BC7243BDA5800C930DC /* Products */ = {
			isa = PBXGroup;
			children = (
				B32F5BC6243BDA5800C930DC /* project-six.app */,
				B32F5BDC243BDA5D00C930DC /* project-sixTests.xctest */,
				B32F5BE7243BDA5D00C930DC /* project-sixUITests.xctest */,
			);
			name = Products;
			sourceTree = "<group>";
		};
		B32F5BC8243BDA5800C930DC /* project-six */ = {
			isa = PBXGroup;
			children = (
				B32F5BC9243BDA5800C930DC /* AppDelegate.swift */,
				B32F5BCB243BDA5800C930DC /* SceneDelegate.swift */,
				B32F5BCD243BDA5800C930DC /* ViewController.swift */,
				B32F5BCF243BDA5800C930DC /* Main.storyboard */,
				B32F5BD2243BDA5C00C930DC /* Assets.xcassets */,
				B32F5BD4243BDA5C00C930DC /* LaunchScreen.storyboard */,
				B32F5BD7243BDA5D00C930DC /* Info.plist */,
			);
			path = "project-six";
			sourceTree = "<group>";
		};
		B32F5BDF243BDA5D00C930DC /* project-sixTests */ = {
			isa = PBXGroup;
			children = (
				B32F5BE0243BDA5D00C930DC /* project_sixTests.swift */,
				B32F5BE2243BDA5D00C930DC /* Info.plist */,
			);
			path = "project-sixTests";
			sourceTree = "<group>";
		};
		B32F5BEA243BDA5D00C930DC /* project-sixUITests */ = {
			isa = PBXGroup;
			children = (
				B32F5BEB243BDA5D00C930DC /* project_sixUITests.swift */,
				B32F5BED243BDA5D00C930DC /* Info.plist */,
			);
			path = "project-sixUITests";
			sourceTree = "<group>";
		};
/* End PBXGroup section */

/* Begin PBXNativeTarget section */
		B32F5BC5243BDA5800C930DC /* project-six */ = {
			isa = PBXNativeTarget;
			buildConfigurationList = B32F5BF0243BDA5D00C930DC /* Build configuration list for PBXNativeTarget "project-six" */;
			buildPhases = (
				B32F5BC2243BDA5800C930DC /* Sources */,
				B32F5BC3243BDA5800C930DC /* Frameworks */,
				B32F5BC4243BDA5800C930DC /* Resources */,
			);
			buildRules = (
			);
			dependencies = (
			);
			name = "project-six";
			productName = "project-six";
			productReference = B32F5BC6243BDA5800C930DC /* project-six.app */;
			productType = "com.apple.product-type.application";
		};
		B32F5BDB243BDA5D00C930DC /* project-sixTests */ = {
			isa = PBXNativeTarget;
			buildConfigurationList = B32F5BF3243BDA5D00C930DC /* Build configuration list for PBXNativeTarget "project-sixTests" */;
			buildPhases = (
				B32F5BD8243BDA5D00C930DC /* Sources */,
				B32F5BD9243BDA5D00C930DC /* Frameworks */,
				B32F5BDA243BDA5D00C930DC /* Resources */,
			);
			buildRules = (
			);
			dependencies = (
				B32F5BDE243BDA5D00C930DC /* PBXTargetDependency */,
			);
			name = "project-sixTests";
			productName = "project-sixTests";
			productReference = B32F5BDC243BDA5D00C930DC /* project-sixTests.xctest */;
			productType = "com.apple.product-type.bundle.unit-test";
		};
		B32F5BE6243BDA5D00C930DC /* project-sixUITests */ = {
			isa = PBXNativeTarget;
			buildConfigurationList = B32F5BF6243BDA5D00C930DC /* Build configuration list for PBXNativeTarget "project-sixUITests" */;
			buildPhases = (
				B32F5BE3243BDA5D00C930DC /* Sources */,
				B32F5BE4243BDA5D00C930DC /* Frameworks */,
				B32F5BE5243BDA5D00C930DC /* Resources */,
			);
			buildRules = (
			);
			dependencies = (
				B32F5BE9243BDA5D00C930DC /* PBXTargetDependency */,
			);
			name = "project-sixUITests";
			productName = "project-sixUITests";
			productReference = B32F5BE7243BDA5D00C930DC /* project-sixUITests.xctest */;
			productType = "com.apple.product-type.bundle.ui-testing";
		};
/* End PBXNativeTarget section */

/* Begin PBXProject section */
		B32F5BBE243BDA5800C930DC /* Project object */ = {
			isa = PBXProject;
			attributes = {
				LastSwiftUpdateCheck = 1130;
				LastUpgradeCheck = 1130;
				ORGANIZATIONNAME = "Pamela Ianovalli";
				TargetAttributes = {
					B32F5BC5243BDA5800C930DC = {
						CreatedOnToolsVersion = 11.3.1;
					};
					B32F5BDB243BDA5D00C930DC = {
						CreatedOnToolsVersion = 11.3.1;
						TestTargetID = B32F5BC5243BDA5800C930DC;
					};
					B32F5BE6243BDA5D00C930DC = {
						CreatedOnToolsVersion = 11.3.1;
						TestTargetID = B32F5BC5243BDA5800C930DC;
					};
				};
			};
			buildConfigurationList = B32F5BC1243BDA5800C930DC /* Build configuration list for PBXProject "project-six" */;
			compatibilityVersion = "Xcode 9.3";
			developmentRegion = en;
			hasScannedForEncodings = 0;
			knownRegions = (
				en,
				Base,
			);
			mainGroup = B32F5BBD243BDA5800C930DC;
			productRefGroup = B32F5BC7243BDA5800C930DC /* Products */;
			projectDirPath = "";
			projectRoot = "";
			targets = (
				B32F5BC5243BDA5800C930DC /* project-six */,
				B32F5BDB243BDA5D00C930DC /* project-sixTests */,
				B32F5BE6243BDA5D00C930DC /* project-sixUITests */,
			);
		};
/* End PBXProject section */

/* Begin PBXResourcesBuildPhase section */
		B32F5BC4243BDA5800C930DC /* Resources */ = {
			isa = PBXResourcesBuildPhase;
			buildActionMask = 2147483647;
			files = (
				B32F5BD6243BDA5C00C930DC /* LaunchScreen.storyboard in Resources */,
				B32F5BD3243BDA5C00C930DC /* Assets.xcassets in Resources */,
				B32F5BD1243BDA5800C930DC /* Main.storyboard in Resources */,
			);
			runOnlyForDeploymentPostprocessing = 0;
		};
		B32F5BDA243BDA5D00C930DC /* Resources */ = {
			isa = PBXResourcesBuildPhase;
			buildActionMask = 2147483647;
			files = (
			);
			runOnlyForDeploymentPostprocessing = 0;
		};
		B32F5BE5243BDA5D00C930DC /* Resources */ = {
			isa = PBXResourcesBuildPhase;
			buildActionMask = 2147483647;
			files = (
			);
			runOnlyForDeploymentPostprocessing = 0;
		};
/* End PBXResourcesBuildPhase section */

/* Begin PBXSourcesBuildPhase section */
		B32F5BC2243BDA5800C930DC /* Sources */ = {
			isa = PBXSourcesBuildPhase;
			buildActionMask = 2147483647;
			files = (
				B32F5BCE243BDA5800C930DC /* ViewController.swift in Sources */,
				B32F5BCA243BDA5800C930DC /* AppDelegate.swift in Sources */,
				B32F5BCC243BDA5800C930DC /* SceneDelegate.swift in Sources */,
			);
			runOnlyForDeploymentPostprocessing = 0;
		};
		B32F5BD8243BDA5D00C930DC /* Sources */ = {
			isa = PBXSourcesBuildPhase;
			buildActionMask = 2147483647;
			files = (
				B32F5BE1243BDA5D00C930DC /* project_sixTests.swift in Sources */,
			);
			runOnlyForDeploymentPostprocessing = 0;
		};
		B32F5BE3243BDA5D00C930DC /* Sources */ = {
			isa = PBXSourcesBuildPhase;
			buildActionMask = 2147483647;
			files = (
				B32F5BEC243BDA5D00C930DC /* project_sixUITests.swift in Sources */,
			);
			runOnlyForDeploymentPostprocessing = 0;
		};
/* End PBXSourcesBuildPhase section */

/* Begin PBXTargetDependency section */
		B32F5BDE243BDA5D00C930DC /* PBXTargetDependency */ = {
			isa = PBXTargetDependency;
			target = B32F5BC5243BDA5800C930DC /* project-six */;
			targetProxy = B32F5BDD243BDA5D00C930DC /* PBXContainerItemProxy */;
		};
		B32F5BE9243BDA5D00C930DC /* PBXTargetDependency */ = {
			isa = PBXTargetDependency;
			target = B32F5BC5243BDA5800C930DC /* project-six */;
			targetProxy = B32F5BE8243BDA5D00C930DC /* PBXContainerItemProxy */;
		};
/* End PBXTargetDependency section */

/* Begin PBXVariantGroup section */
		B32F5BCF243BDA5800C930DC /* Main.storyboard */ = {
			isa = PBXVariantGroup;
			children = (
				B32F5BD0243BDA5800C930DC /* Base */,
			);
			name = Main.storyboard;
			sourceTree = "<group>";
		};
		B32F5BD4243BDA5C00C930DC /* LaunchScreen.storyboard */ = {
			isa = PBXVariantGroup;
			children = (
				B32F5BD5243BDA5C00C930DC /* Base */,
			);
			name = LaunchScreen.storyboard;
			sourceTree = "<group>";
		};
/* End PBXVariantGroup section */

/* Begin XCBuildConfiguration section */
		B32F5BEE243BDA5D00C930DC /* Debug */ = {
			isa = XCBuildConfiguration;
			buildSettings = {
				ALWAYS_SEARCH_USER_PATHS = NO;
				CLANG_ANALYZER_NONNULL = YES;
				CLANG_ANALYZER_NUMBER_OBJECT_CONVERSION = YES_AGGRESSIVE;
				CLANG_CXX_LANGUAGE_STANDARD = "gnu++14";
				CLANG_CXX_LIBRARY = "libc++";
				CLANG_ENABLE_MODULES = YES;
				CLANG_ENABLE_OBJC_ARC = YES;
				CLANG_ENABLE_OBJC_WEAK = YES;
				CLANG_WARN_BLOCK_CAPTURE_AUTORELEASING = YES;
				CLANG_WARN_BOOL_CONVERSION = YES;
				CLANG_WARN_COMMA = YES;
				CLANG_WARN_CONSTANT_CONVERSION = YES;
				CLANG_WARN_DEPRECATED_OBJC_IMPLEMENTATIONS = YES;
				CLANG_WARN_DIRECT_OBJC_ISA_USAGE = YES_ERROR;
				CLANG_WARN_DOCUMENTATION_COMMENTS = YES;
				CLANG_WARN_EMPTY_BODY = YES;
				CLANG_WARN_ENUM_CONVERSION = YES;
				CLANG_WARN_INFINITE_RECURSION = YES;
				CLANG_WARN_INT_CONVERSION = YES;
				CLANG_WARN_NON_LITERAL_NULL_CONVERSION = YES;
				CLANG_WARN_OBJC_IMPLICIT_RETAIN_SELF = YES;
				CLANG_WARN_OBJC_LITERAL_CONVERSION = YES;
				CLANG_WARN_OBJC_ROOT_CLASS = YES_ERROR;
				CLANG_WARN_RANGE_LOOP_ANALYSIS = YES;
				CLANG_WARN_STRICT_PROTOTYPES = YES;
				CLANG_WARN_SUSPICIOUS_MOVE = YES;
				CLANG_WARN_UNGUARDED_AVAILABILITY = YES_AGGRESSIVE;
				CLANG_WARN_UNREACHABLE_CODE = YES;
				CLANG_WARN__DUPLICATE_METHOD_MATCH = YES;
				COPY_PHASE_STRIP = NO;
				DEBUG_INFORMATION_FORMAT = dwarf;
				ENABLE_STRICT_OBJC_MSGSEND = YES;
				ENABLE_TESTABILITY = YES;
				GCC_C_LANGUAGE_STANDARD = gnu11;
				GCC_DYNAMIC_NO_PIC = NO;
				GCC_NO_COMMON_BLOCKS = YES;
				GCC_OPTIMIZATION_LEVEL = 0;
				GCC_PREPROCESSOR_DEFINITIONS = (
					"DEBUG=1",
					"$(inherited)",
				);
				GCC_WARN_64_TO_32_BIT_CONVERSION = YES;
				GCC_WARN_ABOUT_RETURN_TYPE = YES_ERROR;
				GCC_WARN_UNDECLARED_SELECTOR = YES;
				GCC_WARN_UNINITIALIZED_AUTOS = YES_AGGRESSIVE;
				GCC_WARN_UNUSED_FUNCTION = YES;
				GCC_WARN_UNUSED_VARIABLE = YES;
				IPHONEOS_DEPLOYMENT_TARGET = 13.2;
				MTL_ENABLE_DEBUG_INFO = INCLUDE_SOURCE;
				MTL_FAST_MATH = YES;
				ONLY_ACTIVE_ARCH = YES;
				SDKROOT = iphoneos;
				SWIFT_ACTIVE_COMPILATION_CONDITIONS = DEBUG;
				SWIFT_OPTIMIZATION_LEVEL = "-Onone";
			};
			name = Debug;
		};
		B32F5BEF243BDA5D00C930DC /* Release */ = {
			isa = XCBuildConfiguration;
			buildSettings = {
				ALWAYS_SEARCH_USER_PATHS = NO;
				CLANG_ANALYZER_NONNULL = YES;
				CLANG_ANALYZER_NUMBER_OBJECT_CONVERSION = YES_AGGRESSIVE;
				CLANG_CXX_LANGUAGE_STANDARD = "gnu++14";
				CLANG_CXX_LIBRARY = "libc++";
				CLANG_ENABLE_MODULES = YES;
				CLANG_ENABLE_OBJC_ARC = YES;
				CLANG_ENABLE_OBJC_WEAK = YES;
				CLANG_WARN_BLOCK_CAPTURE_AUTORELEASING = YES;
				CLANG_WARN_BOOL_CONVERSION = YES;
				CLANG_WARN_COMMA = YES;
				CLANG_WARN_CONSTANT_CONVERSION = YES;
				CLANG_WARN_DEPRECATED_OBJC_IMPLEMENTATIONS = YES;
				CLANG_WARN_DIRECT_OBJC_ISA_USAGE = YES_ERROR;
				CLANG_WARN_DOCUMENTATION_COMMENTS = YES;
				CLANG_WARN_EMPTY_BODY = YES;
				CLANG_WARN_ENUM_CONVERSION = YES;
				CLANG_WARN_INFINITE_RECURSION = YES;
				CLANG_WARN_INT_CONVERSION = YES;
				CLANG_WARN_NON_LITERAL_NULL_CONVERSION = YES;
				CLANG_WARN_OBJC_IMPLICIT_RETAIN_SELF = YES;
				CLANG_WARN_OBJC_LITERAL_CONVERSION = YES;
				CLANG_WARN_OBJC_ROOT_CLASS = YES_ERROR;
				CLANG_WARN_RANGE_LOOP_ANALYSIS = YES;
				CLANG_WARN_STRICT_PROTOTYPES = YES;
				CLANG_WARN_SUSPICIOUS_MOVE = YES;
				CLANG_WARN_UNGUARDED_AVAILABILITY = YES_AGGRESSIVE;
				CLANG_WARN_UNREACHABLE_CODE = YES;
				CLANG_WARN__DUPLICATE_METHOD_MATCH = YES;
				COPY_PHASE_STRIP = NO;
				DEBUG_INFORMATION_FORMAT = "dwarf-with-dsym";
				ENABLE_NS_ASSERTIONS = NO;
				ENABLE_STRICT_OBJC_MSGSEND = YES;
				GCC_C_LANGUAGE_STANDARD = gnu11;
				GCC_NO_COMMON_BLOCKS = YES;
				GCC_WARN_64_TO_32_BIT_CONVERSION = YES;
				GCC_WARN_ABOUT_RETURN_TYPE = YES_ERROR;
				GCC_WARN_UNDECLARED_SELECTOR = YES;
				GCC_WARN_UNINITIALIZED_AUTOS = YES_AGGRESSIVE;
				GCC_WARN_UNUSED_FUNCTION = YES;
				GCC_WARN_UNUSED_VARIABLE = YES;
				IPHONEOS_DEPLOYMENT_TARGET = 13.2;
				MTL_ENABLE_DEBUG_INFO = NO;
				MTL_FAST_MATH = YES;
				SDKROOT = iphoneos;
				SWIFT_COMPILATION_MODE = wholemodule;
				SWIFT_OPTIMIZATION_LEVEL = "-O";
				VALIDATE_PRODUCT = YES;
			};
			name = Release;
		};
		B32F5BF1243BDA5D00C930DC /* Debug */ = {
			isa = XCBuildConfiguration;
			buildSettings = {
				ASSETCATALOG_COMPILER_APPICON_NAME = AppIcon;
				CODE_SIGN_STYLE = Automatic;
				DEVELOPMENT_TEAM = X74VG8LAZG;
				INFOPLIST_FILE = "project-six/Info.plist";
				LD_RUNPATH_SEARCH_PATHS = (
					"$(inherited)",
					"@executable_path/Frameworks",
				);
				PRODUCT_BUNDLE_IDENTIFIER = "Pamela-Ianovalli.project-six";
				PRODUCT_NAME = "$(TARGET_NAME)";
				SWIFT_VERSION = 5.0;
				TARGETED_DEVICE_FAMILY = "1,2";
			};
			name = Debug;
		};
		B32F5BF2243BDA5D00C930DC /* Release */ = {
			isa = XCBuildConfiguration;
			buildSettings = {
				ASSETCATALOG_COMPILER_APPICON_NAME = AppIcon;
				CODE_SIGN_STYLE = Automatic;
				DEVELOPMENT_TEAM = X74VG8LAZG;
				INFOPLIST_FILE = "project-six/Info.plist";
				LD_RUNPATH_SEARCH_PATHS = (
					"$(inherited)",
					"@executable_path/Frameworks",
				);
				PRODUCT_BUNDLE_IDENTIFIER = "Pamela-Ianovalli.project-six";
				PRODUCT_NAME = "$(TARGET_NAME)";
				SWIFT_VERSION = 5.0;
				TARGETED_DEVICE_FAMILY = "1,2";
			};
			name = Release;
		};
		B32F5BF4243BDA5D00C930DC /* Debug */ = {
			isa = XCBuildConfiguration;
			buildSettings = {
				ALWAYS_EMBED_SWIFT_STANDARD_LIBRARIES = YES;
				BUNDLE_LOADER = "$(TEST_HOST)";
				CODE_SIGN_STYLE = Automatic;
				DEVELOPMENT_TEAM = X74VG8LAZG;
				INFOPLIST_FILE = "project-sixTests/Info.plist";
				IPHONEOS_DEPLOYMENT_TARGET = 13.2;
				LD_RUNPATH_SEARCH_PATHS = (
					"$(inherited)",
					"@executable_path/Frameworks",
					"@loader_path/Frameworks",
				);
				PRODUCT_BUNDLE_IDENTIFIER = "Pamela-Ianovalli.project-sixTests";
				PRODUCT_NAME = "$(TARGET_NAME)";
				SWIFT_VERSION = 5.0;
				TARGETED_DEVICE_FAMILY = "1,2";
				TEST_HOST = "$(BUILT_PRODUCTS_DIR)/project-six.app/project-six";
			};
			name = Debug;
		};
		B32F5BF5243BDA5D00C930DC /* Release */ = {
			isa = XCBuildConfiguration;
			buildSettings = {
				ALWAYS_EMBED_SWIFT_STANDARD_LIBRARIES = YES;
				BUNDLE_LOADER = "$(TEST_HOST)";
				CODE_SIGN_STYLE = Automatic;
				DEVELOPMENT_TEAM = X74VG8LAZG;
				INFOPLIST_FILE = "project-sixTests/Info.plist";
				IPHONEOS_DEPLOYMENT_TARGET = 13.2;
				LD_RUNPATH_SEARCH_PATHS = (
					"$(inherited)",
					"@executable_path/Frameworks",
					"@loader_path/Frameworks",
				);
				PRODUCT_BUNDLE_IDENTIFIER = "Pamela-Ianovalli.project-sixTests";
				PRODUCT_NAME = "$(TARGET_NAME)";
				SWIFT_VERSION = 5.0;
				TARGETED_DEVICE_FAMILY = "1,2";
				TEST_HOST = "$(BUILT_PRODUCTS_DIR)/project-six.app/project-six";
			};
			name = Release;
		};
		B32F5BF7243BDA5D00C930DC /* Debug */ = {
			isa = XCBuildConfiguration;
			buildSettings = {
				ALWAYS_EMBED_SWIFT_STANDARD_LIBRARIES = YES;
				CODE_SIGN_STYLE = Automatic;
				DEVELOPMENT_TEAM = X74VG8LAZG;
				INFOPLIST_FILE = "project-sixUITests/Info.plist";
				LD_RUNPATH_SEARCH_PATHS = (
					"$(inherited)",
					"@executable_path/Frameworks",
					"@loader_path/Frameworks",
				);
				PRODUCT_BUNDLE_IDENTIFIER = "Pamela-Ianovalli.project-sixUITests";
				PRODUCT_NAME = "$(TARGET_NAME)";
				SWIFT_VERSION = 5.0;
				TARGETED_DEVICE_FAMILY = "1,2";
				TEST_TARGET_NAME = "project-six";
			};
			name = Debug;
		};
		B32F5BF8243BDA5D00C930DC /* Release */ = {
			isa = XCBuildConfiguration;
			buildSettings = {
				ALWAYS_EMBED_SWIFT_STANDARD_LIBRARIES = YES;
				CODE_SIGN_STYLE = Automatic;
				DEVELOPMENT_TEAM = X74VG8LAZG;
				INFOPLIST_FILE = "project-sixUITests/Info.plist";
				LD_RUNPATH_SEARCH_PATHS = (
					"$(inherited)",
					"@executable_path/Frameworks",
					"@loader_path/Frameworks",
				);
				PRODUCT_BUNDLE_IDENTIFIER = "Pamela-Ianovalli.project-sixUITests";
				PRODUCT_NAME = "$(TARGET_NAME)";
				SWIFT_VERSION = 5.0;
				TARGETED_DEVICE_FAMILY = "1,2";
				TEST_TARGET_NAME = "project-six";
			};
			name = Release;
		};
/* End XCBuildConfiguration section */

/* Begin XCConfigurationList section */
		B32F5BC1243BDA5800C930DC /* Build configuration list for PBXProject "project-six" */ = {
			isa = XCConfigurationList;
			buildConfigurations = (
				B32F5BEE243BDA5D00C930DC /* Debug */,
				B32F5BEF243BDA5D00C930DC /* Release */,
			);
			defaultConfigurationIsVisible = 0;
			defaultConfigurationName = Release;
		};
		B32F5BF0243BDA5D00C930DC /* Build configuration list for PBXNativeTarget "project-six" */ = {
			isa = XCConfigurationList;
			buildConfigurations = (
				B32F5BF1243BDA5D00C930DC /* Debug */,
				B32F5BF2243BDA5D00C930DC /* Release */,
			);
			defaultConfigurationIsVisible = 0;
			defaultConfigurationName = Release;
		};
		B32F5BF3243BDA5D00C930DC /* Build configuration list for PBXNativeTarget "project-sixTests" */ = {
			isa = XCConfigurationList;
			buildConfigurations = (
				B32F5BF4243BDA5D00C930DC /* Debug */,
				B32F5BF5243BDA5D00C930DC /* Release */,
			);
			defaultConfigurationIsVisible = 0;
			defaultConfigurationName = Release;
		};
		B32F5BF6243BDA5D00C930DC /* Build configuration list for PBXNativeTarget "project-sixUITests" */ = {
			isa = XCConfigurationList;
			buildConfigurations = (
				B32F5BF7243BDA5D00C930DC /* Debug */,
				B32F5BF8243BDA5D00C930DC /* Release */,
			);
			defaultConfigurationIsVisible = 0;
			defaultConfigurationName = Release;
		};
/* End XCConfigurationList section */
	};
	rootObject = B32F5BBE243BDA5800C930DC /* Project object */;
}
