// !$*UTF8*$!
{
	archiveVersion = 1;
	classes = {
	};
	objectVersion = 50;
	objects = {

/* Begin PBXBuildFile section */
		B342BF94247DE84300D5398F /* AppDelegate.swift in Sources */ = {isa = PBXBuildFile; fileRef = B342BF93247DE84300D5398F /* AppDelegate.swift */; };
		B342BF96247DE84300D5398F /* SceneDelegate.swift in Sources */ = {isa = PBXBuildFile; fileRef = B342BF95247DE84300D5398F /* SceneDelegate.swift */; };
		B342BF98247DE84300D5398F /* ViewController.swift in Sources */ = {isa = PBXBuildFile; fileRef = B342BF97247DE84300D5398F /* ViewController.swift */; };
		B342BF9B247DE84300D5398F /* Main.storyboard in Resources */ = {isa = PBXBuildFile; fileRef = B342BF99247DE84300D5398F /* Main.storyboard */; };
		B342BF9D247DE84700D5398F /* Assets.xcassets in Resources */ = {isa = PBXBuildFile; fileRef = B342BF9C247DE84700D5398F /* Assets.xcassets */; };
		B342BFA0247DE84700D5398F /* LaunchScreen.storyboard in Resources */ = {isa = PBXBuildFile; fileRef = B342BF9E247DE84700D5398F /* LaunchScreen.storyboard */; };
		B3A13819247F3A9B00BBC680 /* StringExtension.swift in Sources */ = {isa = PBXBuildFile; fileRef = B3A13818247F3A9B00BBC680 /* StringExtension.swift */; };
/* End PBXBuildFile section */

/* Begin PBXFileReference section */
		B342BF90247DE84300D5398F /* project-twentyFour.app */ = {isa = PBXFileReference; explicitFileType = wrapper.application; includeInIndex = 0; path = "project-twentyFour.app"; sourceTree = BUILT_PRODUCTS_DIR; };
		B342BF93247DE84300D5398F /* AppDelegate.swift */ = {isa = PBXFileReference; lastKnownFileType = sourcecode.swift; path = AppDelegate.swift; sourceTree = "<group>"; };
		B342BF95247DE84300D5398F /* SceneDelegate.swift */ = {isa = PBXFileReference; lastKnownFileType = sourcecode.swift; path = SceneDelegate.swift; sourceTree = "<group>"; };
		B342BF97247DE84300D5398F /* ViewController.swift */ = {isa = PBXFileReference; lastKnownFileType = sourcecode.swift; path = ViewController.swift; sourceTree = "<group>"; };
		B342BF9A247DE84300D5398F /* Base */ = {isa = PBXFileReference; lastKnownFileType = file.storyboard; name = Base; path = Base.lproj/Main.storyboard; sourceTree = "<group>"; };
		B342BF9C247DE84700D5398F /* Assets.xcassets */ = {isa = PBXFileReference; lastKnownFileType = folder.assetcatalog; path = Assets.xcassets; sourceTree = "<group>"; };
		B342BF9F247DE84700D5398F /* Base */ = {isa = PBXFileReference; lastKnownFileType = file.storyboard; name = Base; path = Base.lproj/LaunchScreen.storyboard; sourceTree = "<group>"; };
		B342BFA1247DE84700D5398F /* Info.plist */ = {isa = PBXFileReference; lastKnownFileType = text.plist.xml; path = Info.plist; sourceTree = "<group>"; };
		B3A13818247F3A9B00BBC680 /* StringExtension.swift */ = {isa = PBXFileReference; lastKnownFileType = sourcecode.swift; path = StringExtension.swift; sourceTree = "<group>"; };
/* End PBXFileReference section */

/* Begin PBXFrameworksBuildPhase section */
		B342BF8D247DE84300D5398F /* Frameworks */ = {
			isa = PBXFrameworksBuildPhase;
			buildActionMask = 2147483647;
			files = (
			);
			runOnlyForDeploymentPostprocessing = 0;
		};
/* End PBXFrameworksBuildPhase section */

/* Begin PBXGroup section */
		B342BF87247DE84300D5398F = {
			isa = PBXGroup;
			children = (
				B342BF92247DE84300D5398F /* project-twentyFour */,
				B342BF91247DE84300D5398F /* Products */,
			);
			sourceTree = "<group>";
		};
		B342BF91247DE84300D5398F /* Products */ = {
			isa = PBXGroup;
			children = (
				B342BF90247DE84300D5398F /* project-twentyFour.app */,
			);
			name = Products;
			sourceTree = "<group>";
		};
		B342BF92247DE84300D5398F /* project-twentyFour */ = {
			isa = PBXGroup;
			children = (
				B342BF93247DE84300D5398F /* AppDelegate.swift */,
				B342BF95247DE84300D5398F /* SceneDelegate.swift */,
				B342BF97247DE84300D5398F /* ViewController.swift */,
				B342BF99247DE84300D5398F /* Main.storyboard */,
				B342BF9C247DE84700D5398F /* Assets.xcassets */,
				B342BF9E247DE84700D5398F /* LaunchScreen.storyboard */,
				B342BFA1247DE84700D5398F /* Info.plist */,
				B3A13818247F3A9B00BBC680 /* StringExtension.swift */,
			);
			path = "project-twentyFour";
			sourceTree = "<group>";
		};
/* End PBXGroup section */

/* Begin PBXNativeTarget section */
		B342BF8F247DE84300D5398F /* project-twentyFour */ = {
			isa = PBXNativeTarget;
			buildConfigurationList = B342BFA4247DE84700D5398F /* Build configuration list for PBXNativeTarget "project-twentyFour" */;
			buildPhases = (
				B342BF8C247DE84300D5398F /* Sources */,
				B342BF8D247DE84300D5398F /* Frameworks */,
				B342BF8E247DE84300D5398F /* Resources */,
			);
			buildRules = (
			);
			dependencies = (
			);
			name = "project-twentyFour";
			productName = "project-twentyFour";
			productReference = B342BF90247DE84300D5398F /* project-twentyFour.app */;
			productType = "com.apple.product-type.application";
		};
/* End PBXNativeTarget section */

/* Begin PBXProject section */
		B342BF88247DE84300D5398F /* Project object */ = {
			isa = PBXProject;
			attributes = {
				LastSwiftUpdateCheck = 1130;
				LastUpgradeCheck = 1130;
				ORGANIZATIONNAME = "Pamela Ianovalli";
				TargetAttributes = {
					B342BF8F247DE84300D5398F = {
						CreatedOnToolsVersion = 11.3.1;
					};
				};
			};
			buildConfigurationList = B342BF8B247DE84300D5398F /* Build configuration list for PBXProject "project-twentyFour" */;
			compatibilityVersion = "Xcode 9.3";
			developmentRegion = en;
			hasScannedForEncodings = 0;
			knownRegions = (
				en,
				Base,
			);
			mainGroup = B342BF87247DE84300D5398F;
			productRefGroup = B342BF91247DE84300D5398F /* Products */;
			projectDirPath = "";
			projectRoot = "";
			targets = (
				B342BF8F247DE84300D5398F /* project-twentyFour */,
			);
		};
/* End PBXProject section */

/* Begin PBXResourcesBuildPhase section */
		B342BF8E247DE84300D5398F /* Resources */ = {
			isa = PBXResourcesBuildPhase;
			buildActionMask = 2147483647;
			files = (
				B342BFA0247DE84700D5398F /* LaunchScreen.storyboard in Resources */,
				B342BF9D247DE84700D5398F /* Assets.xcassets in Resources */,
				B342BF9B247DE84300D5398F /* Main.storyboard in Resources */,
			);
			runOnlyForDeploymentPostprocessing = 0;
		};
/* End PBXResourcesBuildPhase section */

/* Begin PBXSourcesBuildPhase section */
		B342BF8C247DE84300D5398F /* Sources */ = {
			isa = PBXSourcesBuildPhase;
			buildActionMask = 2147483647;
			files = (
				B3A13819247F3A9B00BBC680 /* StringExtension.swift in Sources */,
				B342BF98247DE84300D5398F /* ViewController.swift in Sources */,
				B342BF94247DE84300D5398F /* AppDelegate.swift in Sources */,
				B342BF96247DE84300D5398F /* SceneDelegate.swift in Sources */,
			);
			runOnlyForDeploymentPostprocessing = 0;
		};
/* End PBXSourcesBuildPhase section */

/* Begin PBXVariantGroup section */
		B342BF99247DE84300D5398F /* Main.storyboard */ = {
			isa = PBXVariantGroup;
			children = (
				B342BF9A247DE84300D5398F /* Base */,
			);
			name = Main.storyboard;
			sourceTree = "<group>";
		};
		B342BF9E247DE84700D5398F /* LaunchScreen.storyboard */ = {
			isa = PBXVariantGroup;
			children = (
				B342BF9F247DE84700D5398F /* Base */,
			);
			name = LaunchScreen.storyboard;
			sourceTree = "<group>";
		};
/* End PBXVariantGroup section */

/* Begin XCBuildConfiguration section */
		B342BFA2247DE84700D5398F /* Debug */ = {
			isa = XCBuildConfiguration;
			buildSettings = {
				ALWAYS_SEARCH_USER_PATHS = NO;
				CLANG_ANALYZER_NONNULL = YES;
				CLANG_ANALYZER_NUMBER_OBJECT_CONVERSION = YES_AGGRESSIVE;
				CLANG_CXX_LANGUAGE_STANDARD = "gnu++14";
				CLANG_CXX_LIBRARY = "libc++";
				CLANG_ENABLE_MODULES = YES;
				CLANG_ENABLE_OBJC_ARC = YES;
				CLANG_ENABLE_OBJC_WEAK = YES;
				CLANG_WARN_BLOCK_CAPTURE_AUTORELEASING = YES;
				CLANG_WARN_BOOL_CONVERSION = YES;
				CLANG_WARN_COMMA = YES;
				CLANG_WARN_CONSTANT_CONVERSION = YES;
				CLANG_WARN_DEPRECATED_OBJC_IMPLEMENTATIONS = YES;
				CLANG_WARN_DIRECT_OBJC_ISA_USAGE = YES_ERROR;
				CLANG_WARN_DOCUMENTATION_COMMENTS = YES;
				CLANG_WARN_EMPTY_BODY = YES;
				CLANG_WARN_ENUM_CONVERSION = YES;
				CLANG_WARN_INFINITE_RECURSION = YES;
				CLANG_WARN_INT_CONVERSION = YES;
				CLANG_WARN_NON_LITERAL_NULL_CONVERSION = YES;
				CLANG_WARN_OBJC_IMPLICIT_RETAIN_SELF = YES;
				CLANG_WARN_OBJC_LITERAL_CONVERSION = YES;
				CLANG_WARN_OBJC_ROOT_CLASS = YES_ERROR;
				CLANG_WARN_RANGE_LOOP_ANALYSIS = YES;
				CLANG_WARN_STRICT_PROTOTYPES = YES;
				CLANG_WARN_SUSPICIOUS_MOVE = YES;
				CLANG_WARN_UNGUARDED_AVAILABILITY = YES_AGGRESSIVE;
				CLANG_WARN_UNREACHABLE_CODE = YES;
				CLANG_WARN__DUPLICATE_METHOD_MATCH = YES;
				COPY_PHASE_STRIP = NO;
				DEBUG_INFORMATION_FORMAT = dwarf;
				ENABLE_STRICT_OBJC_MSGSEND = YES;
				ENABLE_TESTABILITY = YES;
				GCC_C_LANGUAGE_STANDARD = gnu11;
				GCC_DYNAMIC_NO_PIC = NO;
				GCC_NO_COMMON_BLOCKS = YES;
				GCC_OPTIMIZATION_LEVEL = 0;
				GCC_PREPROCESSOR_DEFINITIONS = (
					"DEBUG=1",
					"$(inherited)",
				);
				GCC_WARN_64_TO_32_BIT_CONVERSION = YES;
				GCC_WARN_ABOUT_RETURN_TYPE = YES_ERROR;
				GCC_WARN_UNDECLARED_SELECTOR = YES;
				GCC_WARN_UNINITIALIZED_AUTOS = YES_AGGRESSIVE;
				GCC_WARN_UNUSED_FUNCTION = YES;
				GCC_WARN_UNUSED_VARIABLE = YES;
				IPHONEOS_DEPLOYMENT_TARGET = 13.2;
				MTL_ENABLE_DEBUG_INFO = INCLUDE_SOURCE;
				MTL_FAST_MATH = YES;
				ONLY_ACTIVE_ARCH = YES;
				SDKROOT = iphoneos;
				SWIFT_ACTIVE_COMPILATION_CONDITIONS = DEBUG;
				SWIFT_OPTIMIZATION_LEVEL = "-Onone";
			};
			name = Debug;
		};
		B342BFA3247DE84700D5398F /* Release */ = {
			isa = XCBuildConfiguration;
			buildSettings = {
				ALWAYS_SEARCH_USER_PATHS = NO;
				CLANG_ANALYZER_NONNULL = YES;
				CLANG_ANALYZER_NUMBER_OBJECT_CONVERSION = YES_AGGRESSIVE;
				CLANG_CXX_LANGUAGE_STANDARD = "gnu++14";
				CLANG_CXX_LIBRARY = "libc++";
				CLANG_ENABLE_MODULES = YES;
				CLANG_ENABLE_OBJC_ARC = YES;
				CLANG_ENABLE_OBJC_WEAK = YES;
				CLANG_WARN_BLOCK_CAPTURE_AUTORELEASING = YES;
				CLANG_WARN_BOOL_CONVERSION = YES;
				CLANG_WARN_COMMA = YES;
				CLANG_WARN_CONSTANT_CONVERSION = YES;
				CLANG_WARN_DEPRECATED_OBJC_IMPLEMENTATIONS = YES;
				CLANG_WARN_DIRECT_OBJC_ISA_USAGE = YES_ERROR;
				CLANG_WARN_DOCUMENTATION_COMMENTS = YES;
				CLANG_WARN_EMPTY_BODY = YES;
				CLANG_WARN_ENUM_CONVERSION = YES;
				CLANG_WARN_INFINITE_RECURSION = YES;
				CLANG_WARN_INT_CONVERSION = YES;
				CLANG_WARN_NON_LITERAL_NULL_CONVERSION = YES;
				CLANG_WARN_OBJC_IMPLICIT_RETAIN_SELF = YES;
				CLANG_WARN_OBJC_LITERAL_CONVERSION = YES;
				CLANG_WARN_OBJC_ROOT_CLASS = YES_ERROR;
				CLANG_WARN_RANGE_LOOP_ANALYSIS = YES;
				CLANG_WARN_STRICT_PROTOTYPES = YES;
				CLANG_WARN_SUSPICIOUS_MOVE = YES;
				CLANG_WARN_UNGUARDED_AVAILABILITY = YES_AGGRESSIVE;
				CLANG_WARN_UNREACHABLE_CODE = YES;
				CLANG_WARN__DUPLICATE_METHOD_MATCH = YES;
				COPY_PHASE_STRIP = NO;
				DEBUG_INFORMATION_FORMAT = "dwarf-with-dsym";
				ENABLE_NS_ASSERTIONS = NO;
				ENABLE_STRICT_OBJC_MSGSEND = YES;
				GCC_C_LANGUAGE_STANDARD = gnu11;
				GCC_NO_COMMON_BLOCKS = YES;
				GCC_WARN_64_TO_32_BIT_CONVERSION = YES;
				GCC_WARN_ABOUT_RETURN_TYPE = YES_ERROR;
				GCC_WARN_UNDECLARED_SELECTOR = YES;
				GCC_WARN_UNINITIALIZED_AUTOS = YES_AGGRESSIVE;
				GCC_WARN_UNUSED_FUNCTION = YES;
				GCC_WARN_UNUSED_VARIABLE = YES;
				IPHONEOS_DEPLOYMENT_TARGET = 13.2;
				MTL_ENABLE_DEBUG_INFO = NO;
				MTL_FAST_MATH = YES;
				SDKROOT = iphoneos;
				SWIFT_COMPILATION_MODE = wholemodule;
				SWIFT_OPTIMIZATION_LEVEL = "-O";
				VALIDATE_PRODUCT = YES;
			};
			name = Release;
		};
		B342BFA5247DE84700D5398F /* Debug */ = {
			isa = XCBuildConfiguration;
			buildSettings = {
				ASSETCATALOG_COMPILER_APPICON_NAME = AppIcon;
				CODE_SIGN_STYLE = Automatic;
				DEVELOPMENT_TEAM = X74VG8LAZG;
				INFOPLIST_FILE = "project-twentyFour/Info.plist";
				LD_RUNPATH_SEARCH_PATHS = (
					"$(inherited)",
					"@executable_path/Frameworks",
				);
				PRODUCT_BUNDLE_IDENTIFIER = "Pamela-Ianovalli.project-twentyFour";
				PRODUCT_NAME = "$(TARGET_NAME)";
				SWIFT_VERSION = 5.0;
				TARGETED_DEVICE_FAMILY = "1,2";
			};
			name = Debug;
		};
		B342BFA6247DE84700D5398F /* Release */ = {
			isa = XCBuildConfiguration;
			buildSettings = {
				ASSETCATALOG_COMPILER_APPICON_NAME = AppIcon;
				CODE_SIGN_STYLE = Automatic;
				DEVELOPMENT_TEAM = X74VG8LAZG;
				INFOPLIST_FILE = "project-twentyFour/Info.plist";
				LD_RUNPATH_SEARCH_PATHS = (
					"$(inherited)",
					"@executable_path/Frameworks",
				);
				PRODUCT_BUNDLE_IDENTIFIER = "Pamela-Ianovalli.project-twentyFour";
				PRODUCT_NAME = "$(TARGET_NAME)";
				SWIFT_VERSION = 5.0;
				TARGETED_DEVICE_FAMILY = "1,2";
			};
			name = Release;
		};
/* End XCBuildConfiguration section */

/* Begin XCConfigurationList section */
		B342BF8B247DE84300D5398F /* Build configuration list for PBXProject "project-twentyFour" */ = {
			isa = XCConfigurationList;
			buildConfigurations = (
				B342BFA2247DE84700D5398F /* Debug */,
				B342BFA3247DE84700D5398F /* Release */,
			);
			defaultConfigurationIsVisible = 0;
			defaultConfigurationName = Release;
		};
		B342BFA4247DE84700D5398F /* Build configuration list for PBXNativeTarget "project-twentyFour" */ = {
			isa = XCConfigurationList;
			buildConfigurations = (
				B342BFA5247DE84700D5398F /* Debug */,
				B342BFA6247DE84700D5398F /* Release */,
			);
			defaultConfigurationIsVisible = 0;
			defaultConfigurationName = Release;
		};
/* End XCConfigurationList section */
	};
	rootObject = B342BF88247DE84300D5398F /* Project object */;
}
