// !$*UTF8*$!
{
	archiveVersion = 1;
	classes = {
	};
	objectVersion = 50;
	objects = {

/* Begin PBXBuildFile section */
		B3B63A732470B501004745B9 /* AppDelegate.swift in Sources */ = {isa = PBXBuildFile; fileRef = B3B63A722470B501004745B9 /* AppDelegate.swift */; };
		B3B63A752470B501004745B9 /* GameScene.sks in Resources */ = {isa = PBXBuildFile; fileRef = B3B63A742470B501004745B9 /* GameScene.sks */; };
		B3B63A772470B501004745B9 /* Actions.sks in Resources */ = {isa = PBXBuildFile; fileRef = B3B63A762470B501004745B9 /* Actions.sks */; };
		B3B63A792470B501004745B9 /* GameScene.swift in Sources */ = {isa = PBXBuildFile; fileRef = B3B63A782470B501004745B9 /* GameScene.swift */; };
		B3B63A7B2470B501004745B9 /* GameViewController.swift in Sources */ = {isa = PBXBuildFile; fileRef = B3B63A7A2470B501004745B9 /* GameViewController.swift */; };
		B3B63A7E2470B501004745B9 /* Main.storyboard in Resources */ = {isa = PBXBuildFile; fileRef = B3B63A7C2470B501004745B9 /* Main.storyboard */; };
		B3B63A802470B504004745B9 /* Assets.xcassets in Resources */ = {isa = PBXBuildFile; fileRef = B3B63A7F2470B504004745B9 /* Assets.xcassets */; };
		B3B63A832470B504004745B9 /* LaunchScreen.storyboard in Resources */ = {isa = PBXBuildFile; fileRef = B3B63A812470B504004745B9 /* LaunchScreen.storyboard */; };
		B3B63A8B2470B6F4004745B9 /* Content in Resources */ = {isa = PBXBuildFile; fileRef = B3B63A8A2470B6F4004745B9 /* Content */; };
/* End PBXBuildFile section */

/* Begin PBXFileReference section */
		B3B63A6F2470B501004745B9 /* project-twenty.app */ = {isa = PBXFileReference; explicitFileType = wrapper.application; includeInIndex = 0; path = "project-twenty.app"; sourceTree = BUILT_PRODUCTS_DIR; };
		B3B63A722470B501004745B9 /* AppDelegate.swift */ = {isa = PBXFileReference; lastKnownFileType = sourcecode.swift; path = AppDelegate.swift; sourceTree = "<group>"; };
		B3B63A742470B501004745B9 /* GameScene.sks */ = {isa = PBXFileReference; lastKnownFileType = file.sks; path = GameScene.sks; sourceTree = "<group>"; };
		B3B63A762470B501004745B9 /* Actions.sks */ = {isa = PBXFileReference; lastKnownFileType = file.sks; path = Actions.sks; sourceTree = "<group>"; };
		B3B63A782470B501004745B9 /* GameScene.swift */ = {isa = PBXFileReference; lastKnownFileType = sourcecode.swift; path = GameScene.swift; sourceTree = "<group>"; };
		B3B63A7A2470B501004745B9 /* GameViewController.swift */ = {isa = PBXFileReference; lastKnownFileType = sourcecode.swift; path = GameViewController.swift; sourceTree = "<group>"; };
		B3B63A7D2470B501004745B9 /* Base */ = {isa = PBXFileReference; lastKnownFileType = file.storyboard; name = Base; path = Base.lproj/Main.storyboard; sourceTree = "<group>"; };
		B3B63A7F2470B504004745B9 /* Assets.xcassets */ = {isa = PBXFileReference; lastKnownFileType = folder.assetcatalog; path = Assets.xcassets; sourceTree = "<group>"; };
		B3B63A822470B504004745B9 /* Base */ = {isa = PBXFileReference; lastKnownFileType = file.storyboard; name = Base; path = Base.lproj/LaunchScreen.storyboard; sourceTree = "<group>"; };
		B3B63A842470B504004745B9 /* Info.plist */ = {isa = PBXFileReference; lastKnownFileType = text.plist.xml; path = Info.plist; sourceTree = "<group>"; };
		B3B63A8A2470B6F4004745B9 /* Content */ = {isa = PBXFileReference; lastKnownFileType = folder; path = Content; sourceTree = "<group>"; };
/* End PBXFileReference section */

/* Begin PBXFrameworksBuildPhase section */
		B3B63A6C2470B501004745B9 /* Frameworks */ = {
			isa = PBXFrameworksBuildPhase;
			buildActionMask = 2147483647;
			files = (
			);
			runOnlyForDeploymentPostprocessing = 0;
		};
/* End PBXFrameworksBuildPhase section */

/* Begin PBXGroup section */
		B3B63A662470B501004745B9 = {
			isa = PBXGroup;
			children = (
				B3B63A712470B501004745B9 /* project-twenty */,
				B3B63A702470B501004745B9 /* Products */,
			);
			sourceTree = "<group>";
		};
		B3B63A702470B501004745B9 /* Products */ = {
			isa = PBXGroup;
			children = (
				B3B63A6F2470B501004745B9 /* project-twenty.app */,
			);
			name = Products;
			sourceTree = "<group>";
		};
		B3B63A712470B501004745B9 /* project-twenty */ = {
			isa = PBXGroup;
			children = (
				B3B63A722470B501004745B9 /* AppDelegate.swift */,
				B3B63A742470B501004745B9 /* GameScene.sks */,
				B3B63A762470B501004745B9 /* Actions.sks */,
				B3B63A782470B501004745B9 /* GameScene.swift */,
				B3B63A7A2470B501004745B9 /* GameViewController.swift */,
				B3B63A7C2470B501004745B9 /* Main.storyboard */,
				B3B63A7F2470B504004745B9 /* Assets.xcassets */,
				B3B63A8A2470B6F4004745B9 /* Content */,
				B3B63A812470B504004745B9 /* LaunchScreen.storyboard */,
				B3B63A842470B504004745B9 /* Info.plist */,
			);
			path = "project-twenty";
			sourceTree = "<group>";
		};
/* End PBXGroup section */

/* Begin PBXNativeTarget section */
		B3B63A6E2470B501004745B9 /* project-twenty */ = {
			isa = PBXNativeTarget;
			buildConfigurationList = B3B63A872470B504004745B9 /* Build configuration list for PBXNativeTarget "project-twenty" */;
			buildPhases = (
				B3B63A6B2470B501004745B9 /* Sources */,
				B3B63A6C2470B501004745B9 /* Frameworks */,
				B3B63A6D2470B501004745B9 /* Resources */,
			);
			buildRules = (
			);
			dependencies = (
			);
			name = "project-twenty";
			productName = "project-twenty";
			productReference = B3B63A6F2470B501004745B9 /* project-twenty.app */;
			productType = "com.apple.product-type.application";
		};
/* End PBXNativeTarget section */

/* Begin PBXProject section */
		B3B63A672470B501004745B9 /* Project object */ = {
			isa = PBXProject;
			attributes = {
				LastSwiftUpdateCheck = 1130;
				LastUpgradeCheck = 1130;
				ORGANIZATIONNAME = "Pamela Ianovalli";
				TargetAttributes = {
					B3B63A6E2470B501004745B9 = {
						CreatedOnToolsVersion = 11.3.1;
					};
				};
			};
			buildConfigurationList = B3B63A6A2470B501004745B9 /* Build configuration list for PBXProject "project-twenty" */;
			compatibilityVersion = "Xcode 9.3";
			developmentRegion = en;
			hasScannedForEncodings = 0;
			knownRegions = (
				en,
				Base,
			);
			mainGroup = B3B63A662470B501004745B9;
			productRefGroup = B3B63A702470B501004745B9 /* Products */;
			projectDirPath = "";
			projectRoot = "";
			targets = (
				B3B63A6E2470B501004745B9 /* project-twenty */,
			);
		};
/* End PBXProject section */

/* Begin PBXResourcesBuildPhase section */
		B3B63A6D2470B501004745B9 /* Resources */ = {
			isa = PBXResourcesBuildPhase;
			buildActionMask = 2147483647;
			files = (
				B3B63A8B2470B6F4004745B9 /* Content in Resources */,
				B3B63A7E2470B501004745B9 /* Main.storyboard in Resources */,
				B3B63A752470B501004745B9 /* GameScene.sks in Resources */,
				B3B63A802470B504004745B9 /* Assets.xcassets in Resources */,
				B3B63A832470B504004745B9 /* LaunchScreen.storyboard in Resources */,
				B3B63A772470B501004745B9 /* Actions.sks in Resources */,
			);
			runOnlyForDeploymentPostprocessing = 0;
		};
/* End PBXResourcesBuildPhase section */

/* Begin PBXSourcesBuildPhase section */
		B3B63A6B2470B501004745B9 /* Sources */ = {
			isa = PBXSourcesBuildPhase;
			buildActionMask = 2147483647;
			files = (
				B3B63A792470B501004745B9 /* GameScene.swift in Sources */,
				B3B63A7B2470B501004745B9 /* GameViewController.swift in Sources */,
				B3B63A732470B501004745B9 /* AppDelegate.swift in Sources */,
			);
			runOnlyForDeploymentPostprocessing = 0;
		};
/* End PBXSourcesBuildPhase section */

/* Begin PBXVariantGroup section */
		B3B63A7C2470B501004745B9 /* Main.storyboard */ = {
			isa = PBXVariantGroup;
			children = (
				B3B63A7D2470B501004745B9 /* Base */,
			);
			name = Main.storyboard;
			sourceTree = "<group>";
		};
		B3B63A812470B504004745B9 /* LaunchScreen.storyboard */ = {
			isa = PBXVariantGroup;
			children = (
				B3B63A822470B504004745B9 /* Base */,
			);
			name = LaunchScreen.storyboard;
			sourceTree = "<group>";
		};
/* End PBXVariantGroup section */

/* Begin XCBuildConfiguration section */
		B3B63A852470B504004745B9 /* Debug */ = {
			isa = XCBuildConfiguration;
			buildSettings = {
				ALWAYS_SEARCH_USER_PATHS = NO;
				CLANG_ANALYZER_NONNULL = YES;
				CLANG_ANALYZER_NUMBER_OBJECT_CONVERSION = YES_AGGRESSIVE;
				CLANG_CXX_LANGUAGE_STANDARD = "gnu++14";
				CLANG_CXX_LIBRARY = "libc++";
				CLANG_ENABLE_MODULES = YES;
				CLANG_ENABLE_OBJC_ARC = YES;
				CLANG_ENABLE_OBJC_WEAK = YES;
				CLANG_WARN_BLOCK_CAPTURE_AUTORELEASING = YES;
				CLANG_WARN_BOOL_CONVERSION = YES;
				CLANG_WARN_COMMA = YES;
				CLANG_WARN_CONSTANT_CONVERSION = YES;
				CLANG_WARN_DEPRECATED_OBJC_IMPLEMENTATIONS = YES;
				CLANG_WARN_DIRECT_OBJC_ISA_USAGE = YES_ERROR;
				CLANG_WARN_DOCUMENTATION_COMMENTS = YES;
				CLANG_WARN_EMPTY_BODY = YES;
				CLANG_WARN_ENUM_CONVERSION = YES;
				CLANG_WARN_INFINITE_RECURSION = YES;
				CLANG_WARN_INT_CONVERSION = YES;
				CLANG_WARN_NON_LITERAL_NULL_CONVERSION = YES;
				CLANG_WARN_OBJC_IMPLICIT_RETAIN_SELF = YES;
				CLANG_WARN_OBJC_LITERAL_CONVERSION = YES;
				CLANG_WARN_OBJC_ROOT_CLASS = YES_ERROR;
				CLANG_WARN_RANGE_LOOP_ANALYSIS = YES;
				CLANG_WARN_STRICT_PROTOTYPES = YES;
				CLANG_WARN_SUSPICIOUS_MOVE = YES;
				CLANG_WARN_UNGUARDED_AVAILABILITY = YES_AGGRESSIVE;
				CLANG_WARN_UNREACHABLE_CODE = YES;
				CLANG_WARN__DUPLICATE_METHOD_MATCH = YES;
				COPY_PHASE_STRIP = NO;
				DEBUG_INFORMATION_FORMAT = dwarf;
				ENABLE_STRICT_OBJC_MSGSEND = YES;
				ENABLE_TESTABILITY = YES;
				GCC_C_LANGUAGE_STANDARD = gnu11;
				GCC_DYNAMIC_NO_PIC = NO;
				GCC_NO_COMMON_BLOCKS = YES;
				GCC_OPTIMIZATION_LEVEL = 0;
				GCC_PREPROCESSOR_DEFINITIONS = (
					"DEBUG=1",
					"$(inherited)",
				);
				GCC_WARN_64_TO_32_BIT_CONVERSION = YES;
				GCC_WARN_ABOUT_RETURN_TYPE = YES_ERROR;
				GCC_WARN_UNDECLARED_SELECTOR = YES;
				GCC_WARN_UNINITIALIZED_AUTOS = YES_AGGRESSIVE;
				GCC_WARN_UNUSED_FUNCTION = YES;
				GCC_WARN_UNUSED_VARIABLE = YES;
				IPHONEOS_DEPLOYMENT_TARGET = 13.2;
				MTL_ENABLE_DEBUG_INFO = INCLUDE_SOURCE;
				MTL_FAST_MATH = YES;
				ONLY_ACTIVE_ARCH = YES;
				SDKROOT = iphoneos;
				SWIFT_ACTIVE_COMPILATION_CONDITIONS = DEBUG;
				SWIFT_OPTIMIZATION_LEVEL = "-Onone";
			};
			name = Debug;
		};
		B3B63A862470B504004745B9 /* Release */ = {
			isa = XCBuildConfiguration;
			buildSettings = {
				ALWAYS_SEARCH_USER_PATHS = NO;
				CLANG_ANALYZER_NONNULL = YES;
				CLANG_ANALYZER_NUMBER_OBJECT_CONVERSION = YES_AGGRESSIVE;
				CLANG_CXX_LANGUAGE_STANDARD = "gnu++14";
				CLANG_CXX_LIBRARY = "libc++";
				CLANG_ENABLE_MODULES = YES;
				CLANG_ENABLE_OBJC_ARC = YES;
				CLANG_ENABLE_OBJC_WEAK = YES;
				CLANG_WARN_BLOCK_CAPTURE_AUTORELEASING = YES;
				CLANG_WARN_BOOL_CONVERSION = YES;
				CLANG_WARN_COMMA = YES;
				CLANG_WARN_CONSTANT_CONVERSION = YES;
				CLANG_WARN_DEPRECATED_OBJC_IMPLEMENTATIONS = YES;
				CLANG_WARN_DIRECT_OBJC_ISA_USAGE = YES_ERROR;
				CLANG_WARN_DOCUMENTATION_COMMENTS = YES;
				CLANG_WARN_EMPTY_BODY = YES;
				CLANG_WARN_ENUM_CONVERSION = YES;
				CLANG_WARN_INFINITE_RECURSION = YES;
				CLANG_WARN_INT_CONVERSION = YES;
				CLANG_WARN_NON_LITERAL_NULL_CONVERSION = YES;
				CLANG_WARN_OBJC_IMPLICIT_RETAIN_SELF = YES;
				CLANG_WARN_OBJC_LITERAL_CONVERSION = YES;
				CLANG_WARN_OBJC_ROOT_CLASS = YES_ERROR;
				CLANG_WARN_RANGE_LOOP_ANALYSIS = YES;
				CLANG_WARN_STRICT_PROTOTYPES = YES;
				CLANG_WARN_SUSPICIOUS_MOVE = YES;
				CLANG_WARN_UNGUARDED_AVAILABILITY = YES_AGGRESSIVE;
				CLANG_WARN_UNREACHABLE_CODE = YES;
				CLANG_WARN__DUPLICATE_METHOD_MATCH = YES;
				COPY_PHASE_STRIP = NO;
				DEBUG_INFORMATION_FORMAT = "dwarf-with-dsym";
				ENABLE_NS_ASSERTIONS = NO;
				ENABLE_STRICT_OBJC_MSGSEND = YES;
				GCC_C_LANGUAGE_STANDARD = gnu11;
				GCC_NO_COMMON_BLOCKS = YES;
				GCC_WARN_64_TO_32_BIT_CONVERSION = YES;
				GCC_WARN_ABOUT_RETURN_TYPE = YES_ERROR;
				GCC_WARN_UNDECLARED_SELECTOR = YES;
				GCC_WARN_UNINITIALIZED_AUTOS = YES_AGGRESSIVE;
				GCC_WARN_UNUSED_FUNCTION = YES;
				GCC_WARN_UNUSED_VARIABLE = YES;
				IPHONEOS_DEPLOYMENT_TARGET = 13.2;
				MTL_ENABLE_DEBUG_INFO = NO;
				MTL_FAST_MATH = YES;
				SDKROOT = iphoneos;
				SWIFT_COMPILATION_MODE = wholemodule;
				SWIFT_OPTIMIZATION_LEVEL = "-O";
				VALIDATE_PRODUCT = YES;
			};
			name = Release;
		};
		B3B63A882470B504004745B9 /* Debug */ = {
			isa = XCBuildConfiguration;
			buildSettings = {
				ASSETCATALOG_COMPILER_APPICON_NAME = AppIcon;
				CODE_SIGN_STYLE = Automatic;
				DEVELOPMENT_TEAM = X74VG8LAZG;
				INFOPLIST_FILE = "project-twenty/Info.plist";
				LD_RUNPATH_SEARCH_PATHS = (
					"$(inherited)",
					"@executable_path/Frameworks",
				);
				PRODUCT_BUNDLE_IDENTIFIER = "Pamela-Ianovalli.project-twenty";
				PRODUCT_NAME = "$(TARGET_NAME)";
				SWIFT_VERSION = 5.0;
				TARGETED_DEVICE_FAMILY = 2;
			};
			name = Debug;
		};
		B3B63A892470B504004745B9 /* Release */ = {
			isa = XCBuildConfiguration;
			buildSettings = {
				ASSETCATALOG_COMPILER_APPICON_NAME = AppIcon;
				CODE_SIGN_STYLE = Automatic;
				DEVELOPMENT_TEAM = X74VG8LAZG;
				INFOPLIST_FILE = "project-twenty/Info.plist";
				LD_RUNPATH_SEARCH_PATHS = (
					"$(inherited)",
					"@executable_path/Frameworks",
				);
				PRODUCT_BUNDLE_IDENTIFIER = "Pamela-Ianovalli.project-twenty";
				PRODUCT_NAME = "$(TARGET_NAME)";
				SWIFT_VERSION = 5.0;
				TARGETED_DEVICE_FAMILY = 2;
			};
			name = Release;
		};
/* End XCBuildConfiguration section */

/* Begin XCConfigurationList section */
		B3B63A6A2470B501004745B9 /* Build configuration list for PBXProject "project-twenty" */ = {
			isa = XCConfigurationList;
			buildConfigurations = (
				B3B63A852470B504004745B9 /* Debug */,
				B3B63A862470B504004745B9 /* Release */,
			);
			defaultConfigurationIsVisible = 0;
			defaultConfigurationName = Release;
		};
		B3B63A872470B504004745B9 /* Build configuration list for PBXNativeTarget "project-twenty" */ = {
			isa = XCConfigurationList;
			buildConfigurations = (
				B3B63A882470B504004745B9 /* Debug */,
				B3B63A892470B504004745B9 /* Release */,
			);
			defaultConfigurationIsVisible = 0;
			defaultConfigurationName = Release;
		};
/* End XCConfigurationList section */
	};
	rootObject = B3B63A672470B501004745B9 /* Project object */;
}
