// !$*UTF8*$!
{
	archiveVersion = 1;
	classes = {
	};
	objectVersion = 50;
	objects = {

/* Begin PBXBuildFile section */
		B39240E02441497700B2B3A9 /* DetailViewController.swift in Sources */ = {isa = PBXBuildFile; fileRef = B39240DF2441497700B2B3A9 /* DetailViewController.swift */; };
		B3EAC128243FE1DC00298E21 /* AppDelegate.swift in Sources */ = {isa = PBXBuildFile; fileRef = B3EAC127243FE1DC00298E21 /* AppDelegate.swift */; };
		B3EAC12A243FE1DC00298E21 /* SceneDelegate.swift in Sources */ = {isa = PBXBuildFile; fileRef = B3EAC129243FE1DC00298E21 /* SceneDelegate.swift */; };
		B3EAC12C243FE1DC00298E21 /* ViewController.swift in Sources */ = {isa = PBXBuildFile; fileRef = B3EAC12B243FE1DC00298E21 /* ViewController.swift */; };
		B3EAC12F243FE1DC00298E21 /* Main.storyboard in Resources */ = {isa = PBXBuildFile; fileRef = B3EAC12D243FE1DC00298E21 /* Main.storyboard */; };
		B3EAC131243FE1E000298E21 /* Assets.xcassets in Resources */ = {isa = PBXBuildFile; fileRef = B3EAC130243FE1E000298E21 /* Assets.xcassets */; };
		B3EAC134243FE1E000298E21 /* LaunchScreen.storyboard in Resources */ = {isa = PBXBuildFile; fileRef = B3EAC132243FE1E000298E21 /* LaunchScreen.storyboard */; };
		B3EAC13F243FE1E000298E21 /* project_sevenTests.swift in Sources */ = {isa = PBXBuildFile; fileRef = B3EAC13E243FE1E000298E21 /* project_sevenTests.swift */; };
		B3EAC14A243FE1E000298E21 /* project_sevenUITests.swift in Sources */ = {isa = PBXBuildFile; fileRef = B3EAC149243FE1E000298E21 /* project_sevenUITests.swift */; };
		B3EAC158243FF32900298E21 /* Petition.swift in Sources */ = {isa = PBXBuildFile; fileRef = B3EAC157243FF32900298E21 /* Petition.swift */; };
		B3EAC15A243FF50200298E21 /* Petitions.swift in Sources */ = {isa = PBXBuildFile; fileRef = B3EAC159243FF50200298E21 /* Petitions.swift */; };
/* End PBXBuildFile section */

/* Begin PBXContainerItemProxy section */
		B3EAC13B243FE1E000298E21 /* PBXContainerItemProxy */ = {
			isa = PBXContainerItemProxy;
			containerPortal = B3EAC11C243FE1DC00298E21 /* Project object */;
			proxyType = 1;
			remoteGlobalIDString = B3EAC123243FE1DC00298E21;
			remoteInfo = "project-seven";
		};
		B3EAC146243FE1E000298E21 /* PBXContainerItemProxy */ = {
			isa = PBXContainerItemProxy;
			containerPortal = B3EAC11C243FE1DC00298E21 /* Project object */;
			proxyType = 1;
			remoteGlobalIDString = B3EAC123243FE1DC00298E21;
			remoteInfo = "project-seven";
		};
/* End PBXContainerItemProxy section */

/* Begin PBXFileReference section */
		B39240DF2441497700B2B3A9 /* DetailViewController.swift */ = {isa = PBXFileReference; lastKnownFileType = sourcecode.swift; path = DetailViewController.swift; sourceTree = "<group>"; };
		B3EAC124243FE1DC00298E21 /* project-seven.app */ = {isa = PBXFileReference; explicitFileType = wrapper.application; includeInIndex = 0; path = "project-seven.app"; sourceTree = BUILT_PRODUCTS_DIR; };
		B3EAC127243FE1DC00298E21 /* AppDelegate.swift */ = {isa = PBXFileReference; lastKnownFileType = sourcecode.swift; path = AppDelegate.swift; sourceTree = "<group>"; };
		B3EAC129243FE1DC00298E21 /* SceneDelegate.swift */ = {isa = PBXFileReference; lastKnownFileType = sourcecode.swift; path = SceneDelegate.swift; sourceTree = "<group>"; };
		B3EAC12B243FE1DC00298E21 /* ViewController.swift */ = {isa = PBXFileReference; lastKnownFileType = sourcecode.swift; path = ViewController.swift; sourceTree = "<group>"; };
		B3EAC12E243FE1DC00298E21 /* Base */ = {isa = PBXFileReference; lastKnownFileType = file.storyboard; name = Base; path = Base.lproj/Main.storyboard; sourceTree = "<group>"; };
		B3EAC130243FE1E000298E21 /* Assets.xcassets */ = {isa = PBXFileReference; lastKnownFileType = folder.assetcatalog; path = Assets.xcassets; sourceTree = "<group>"; };
		B3EAC133243FE1E000298E21 /* Base */ = {isa = PBXFileReference; lastKnownFileType = file.storyboard; name = Base; path = Base.lproj/LaunchScreen.storyboard; sourceTree = "<group>"; };
		B3EAC135243FE1E000298E21 /* Info.plist */ = {isa = PBXFileReference; lastKnownFileType = text.plist.xml; path = Info.plist; sourceTree = "<group>"; };
		B3EAC13A243FE1E000298E21 /* project-sevenTests.xctest */ = {isa = PBXFileReference; explicitFileType = wrapper.cfbundle; includeInIndex = 0; path = "project-sevenTests.xctest"; sourceTree = BUILT_PRODUCTS_DIR; };
		B3EAC13E243FE1E000298E21 /* project_sevenTests.swift */ = {isa = PBXFileReference; lastKnownFileType = sourcecode.swift; path = project_sevenTests.swift; sourceTree = "<group>"; };
		B3EAC140243FE1E000298E21 /* Info.plist */ = {isa = PBXFileReference; lastKnownFileType = text.plist.xml; path = Info.plist; sourceTree = "<group>"; };
		B3EAC145243FE1E000298E21 /* project-sevenUITests.xctest */ = {isa = PBXFileReference; explicitFileType = wrapper.cfbundle; includeInIndex = 0; path = "project-sevenUITests.xctest"; sourceTree = BUILT_PRODUCTS_DIR; };
		B3EAC149243FE1E000298E21 /* project_sevenUITests.swift */ = {isa = PBXFileReference; lastKnownFileType = sourcecode.swift; path = project_sevenUITests.swift; sourceTree = "<group>"; };
		B3EAC14B243FE1E000298E21 /* Info.plist */ = {isa = PBXFileReference; lastKnownFileType = text.plist.xml; path = Info.plist; sourceTree = "<group>"; };
		B3EAC157243FF32900298E21 /* Petition.swift */ = {isa = PBXFileReference; lastKnownFileType = sourcecode.swift; path = Petition.swift; sourceTree = "<group>"; };
		B3EAC159243FF50200298E21 /* Petitions.swift */ = {isa = PBXFileReference; lastKnownFileType = sourcecode.swift; path = Petitions.swift; sourceTree = "<group>"; };
/* End PBXFileReference section */

/* Begin PBXFrameworksBuildPhase section */
		B3EAC121243FE1DC00298E21 /* Frameworks */ = {
			isa = PBXFrameworksBuildPhase;
			buildActionMask = 2147483647;
			files = (
			);
			runOnlyForDeploymentPostprocessing = 0;
		};
		B3EAC137243FE1E000298E21 /* Frameworks */ = {
			isa = PBXFrameworksBuildPhase;
			buildActionMask = 2147483647;
			files = (
			);
			runOnlyForDeploymentPostprocessing = 0;
		};
		B3EAC142243FE1E000298E21 /* Frameworks */ = {
			isa = PBXFrameworksBuildPhase;
			buildActionMask = 2147483647;
			files = (
			);
			runOnlyForDeploymentPostprocessing = 0;
		};
/* End PBXFrameworksBuildPhase section */

/* Begin PBXGroup section */
		B3EAC11B243FE1DC00298E21 = {
			isa = PBXGroup;
			children = (
				B3EAC126243FE1DC00298E21 /* project-seven */,
				B3EAC13D243FE1E000298E21 /* project-sevenTests */,
				B3EAC148243FE1E000298E21 /* project-sevenUITests */,
				B3EAC125243FE1DC00298E21 /* Products */,
			);
			sourceTree = "<group>";
		};
		B3EAC125243FE1DC00298E21 /* Products */ = {
			isa = PBXGroup;
			children = (
				B3EAC124243FE1DC00298E21 /* project-seven.app */,
				B3EAC13A243FE1E000298E21 /* project-sevenTests.xctest */,
				B3EAC145243FE1E000298E21 /* project-sevenUITests.xctest */,
			);
			name = Products;
			sourceTree = "<group>";
		};
		B3EAC126243FE1DC00298E21 /* project-seven */ = {
			isa = PBXGroup;
			children = (
				B3EAC127243FE1DC00298E21 /* AppDelegate.swift */,
				B3EAC129243FE1DC00298E21 /* SceneDelegate.swift */,
				B3EAC12B243FE1DC00298E21 /* ViewController.swift */,
				B3EAC157243FF32900298E21 /* Petition.swift */,
				B3EAC159243FF50200298E21 /* Petitions.swift */,
				B3EAC12D243FE1DC00298E21 /* Main.storyboard */,
				B3EAC130243FE1E000298E21 /* Assets.xcassets */,
				B3EAC132243FE1E000298E21 /* LaunchScreen.storyboard */,
				B3EAC135243FE1E000298E21 /* Info.plist */,
				B39240DF2441497700B2B3A9 /* DetailViewController.swift */,
			);
			path = "project-seven";
			sourceTree = "<group>";
		};
		B3EAC13D243FE1E000298E21 /* project-sevenTests */ = {
			isa = PBXGroup;
			children = (
				B3EAC13E243FE1E000298E21 /* project_sevenTests.swift */,
				B3EAC140243FE1E000298E21 /* Info.plist */,
			);
			path = "project-sevenTests";
			sourceTree = "<group>";
		};
		B3EAC148243FE1E000298E21 /* project-sevenUITests */ = {
			isa = PBXGroup;
			children = (
				B3EAC149243FE1E000298E21 /* project_sevenUITests.swift */,
				B3EAC14B243FE1E000298E21 /* Info.plist */,
			);
			path = "project-sevenUITests";
			sourceTree = "<group>";
		};
/* End PBXGroup section */

/* Begin PBXNativeTarget section */
		B3EAC123243FE1DC00298E21 /* project-seven */ = {
			isa = PBXNativeTarget;
			buildConfigurationList = B3EAC14E243FE1E000298E21 /* Build configuration list for PBXNativeTarget "project-seven" */;
			buildPhases = (
				B3EAC120243FE1DC00298E21 /* Sources */,
				B3EAC121243FE1DC00298E21 /* Frameworks */,
				B3EAC122243FE1DC00298E21 /* Resources */,
			);
			buildRules = (
			);
			dependencies = (
			);
			name = "project-seven";
			productName = "project-seven";
			productReference = B3EAC124243FE1DC00298E21 /* project-seven.app */;
			productType = "com.apple.product-type.application";
		};
		B3EAC139243FE1E000298E21 /* project-sevenTests */ = {
			isa = PBXNativeTarget;
			buildConfigurationList = B3EAC151243FE1E000298E21 /* Build configuration list for PBXNativeTarget "project-sevenTests" */;
			buildPhases = (
				B3EAC136243FE1E000298E21 /* Sources */,
				B3EAC137243FE1E000298E21 /* Frameworks */,
				B3EAC138243FE1E000298E21 /* Resources */,
			);
			buildRules = (
			);
			dependencies = (
				B3EAC13C243FE1E000298E21 /* PBXTargetDependency */,
			);
			name = "project-sevenTests";
			productName = "project-sevenTests";
			productReference = B3EAC13A243FE1E000298E21 /* project-sevenTests.xctest */;
			productType = "com.apple.product-type.bundle.unit-test";
		};
		B3EAC144243FE1E000298E21 /* project-sevenUITests */ = {
			isa = PBXNativeTarget;
			buildConfigurationList = B3EAC154243FE1E000298E21 /* Build configuration list for PBXNativeTarget "project-sevenUITests" */;
			buildPhases = (
				B3EAC141243FE1E000298E21 /* Sources */,
				B3EAC142243FE1E000298E21 /* Frameworks */,
				B3EAC143243FE1E000298E21 /* Resources */,
			);
			buildRules = (
			);
			dependencies = (
				B3EAC147243FE1E000298E21 /* PBXTargetDependency */,
			);
			name = "project-sevenUITests";
			productName = "project-sevenUITests";
			productReference = B3EAC145243FE1E000298E21 /* project-sevenUITests.xctest */;
			productType = "com.apple.product-type.bundle.ui-testing";
		};
/* End PBXNativeTarget section */

/* Begin PBXProject section */
		B3EAC11C243FE1DC00298E21 /* Project object */ = {
			isa = PBXProject;
			attributes = {
				LastSwiftUpdateCheck = 1130;
				LastUpgradeCheck = 1130;
				ORGANIZATIONNAME = "Pamela Ianovalli";
				TargetAttributes = {
					B3EAC123243FE1DC00298E21 = {
						CreatedOnToolsVersion = 11.3.1;
					};
					B3EAC139243FE1E000298E21 = {
						CreatedOnToolsVersion = 11.3.1;
						TestTargetID = B3EAC123243FE1DC00298E21;
					};
					B3EAC144243FE1E000298E21 = {
						CreatedOnToolsVersion = 11.3.1;
						TestTargetID = B3EAC123243FE1DC00298E21;
					};
				};
			};
			buildConfigurationList = B3EAC11F243FE1DC00298E21 /* Build configuration list for PBXProject "project-seven" */;
			compatibilityVersion = "Xcode 9.3";
			developmentRegion = en;
			hasScannedForEncodings = 0;
			knownRegions = (
				en,
				Base,
			);
			mainGroup = B3EAC11B243FE1DC00298E21;
			productRefGroup = B3EAC125243FE1DC00298E21 /* Products */;
			projectDirPath = "";
			projectRoot = "";
			targets = (
				B3EAC123243FE1DC00298E21 /* project-seven */,
				B3EAC139243FE1E000298E21 /* project-sevenTests */,
				B3EAC144243FE1E000298E21 /* project-sevenUITests */,
			);
		};
/* End PBXProject section */

/* Begin PBXResourcesBuildPhase section */
		B3EAC122243FE1DC00298E21 /* Resources */ = {
			isa = PBXResourcesBuildPhase;
			buildActionMask = 2147483647;
			files = (
				B3EAC134243FE1E000298E21 /* LaunchScreen.storyboard in Resources */,
				B3EAC131243FE1E000298E21 /* Assets.xcassets in Resources */,
				B3EAC12F243FE1DC00298E21 /* Main.storyboard in Resources */,
			);
			runOnlyForDeploymentPostprocessing = 0;
		};
		B3EAC138243FE1E000298E21 /* Resources */ = {
			isa = PBXResourcesBuildPhase;
			buildActionMask = 2147483647;
			files = (
			);
			runOnlyForDeploymentPostprocessing = 0;
		};
		B3EAC143243FE1E000298E21 /* Resources */ = {
			isa = PBXResourcesBuildPhase;
			buildActionMask = 2147483647;
			files = (
			);
			runOnlyForDeploymentPostprocessing = 0;
		};
/* End PBXResourcesBuildPhase section */

/* Begin PBXSourcesBuildPhase section */
		B3EAC120243FE1DC00298E21 /* Sources */ = {
			isa = PBXSourcesBuildPhase;
			buildActionMask = 2147483647;
			files = (
				B3EAC12C243FE1DC00298E21 /* ViewController.swift in Sources */,
				B3EAC158243FF32900298E21 /* Petition.swift in Sources */,
				B3EAC128243FE1DC00298E21 /* AppDelegate.swift in Sources */,
				B39240E02441497700B2B3A9 /* DetailViewController.swift in Sources */,
				B3EAC12A243FE1DC00298E21 /* SceneDelegate.swift in Sources */,
				B3EAC15A243FF50200298E21 /* Petitions.swift in Sources */,
			);
			runOnlyForDeploymentPostprocessing = 0;
		};
		B3EAC136243FE1E000298E21 /* Sources */ = {
			isa = PBXSourcesBuildPhase;
			buildActionMask = 2147483647;
			files = (
				B3EAC13F243FE1E000298E21 /* project_sevenTests.swift in Sources */,
			);
			runOnlyForDeploymentPostprocessing = 0;
		};
		B3EAC141243FE1E000298E21 /* Sources */ = {
			isa = PBXSourcesBuildPhase;
			buildActionMask = 2147483647;
			files = (
				B3EAC14A243FE1E000298E21 /* project_sevenUITests.swift in Sources */,
			);
			runOnlyForDeploymentPostprocessing = 0;
		};
/* End PBXSourcesBuildPhase section */

/* Begin PBXTargetDependency section */
		B3EAC13C243FE1E000298E21 /* PBXTargetDependency */ = {
			isa = PBXTargetDependency;
			target = B3EAC123243FE1DC00298E21 /* project-seven */;
			targetProxy = B3EAC13B243FE1E000298E21 /* PBXContainerItemProxy */;
		};
		B3EAC147243FE1E000298E21 /* PBXTargetDependency */ = {
			isa = PBXTargetDependency;
			target = B3EAC123243FE1DC00298E21 /* project-seven */;
			targetProxy = B3EAC146243FE1E000298E21 /* PBXContainerItemProxy */;
		};
/* End PBXTargetDependency section */

/* Begin PBXVariantGroup section */
		B3EAC12D243FE1DC00298E21 /* Main.storyboard */ = {
			isa = PBXVariantGroup;
			children = (
				B3EAC12E243FE1DC00298E21 /* Base */,
			);
			name = Main.storyboard;
			sourceTree = "<group>";
		};
		B3EAC132243FE1E000298E21 /* LaunchScreen.storyboard */ = {
			isa = PBXVariantGroup;
			children = (
				B3EAC133243FE1E000298E21 /* Base */,
			);
			name = LaunchScreen.storyboard;
			sourceTree = "<group>";
		};
/* End PBXVariantGroup section */

/* Begin XCBuildConfiguration section */
		B3EAC14C243FE1E000298E21 /* Debug */ = {
			isa = XCBuildConfiguration;
			buildSettings = {
				ALWAYS_SEARCH_USER_PATHS = NO;
				CLANG_ANALYZER_NONNULL = YES;
				CLANG_ANALYZER_NUMBER_OBJECT_CONVERSION = YES_AGGRESSIVE;
				CLANG_CXX_LANGUAGE_STANDARD = "gnu++14";
				CLANG_CXX_LIBRARY = "libc++";
				CLANG_ENABLE_MODULES = YES;
				CLANG_ENABLE_OBJC_ARC = YES;
				CLANG_ENABLE_OBJC_WEAK = YES;
				CLANG_WARN_BLOCK_CAPTURE_AUTORELEASING = YES;
				CLANG_WARN_BOOL_CONVERSION = YES;
				CLANG_WARN_COMMA = YES;
				CLANG_WARN_CONSTANT_CONVERSION = YES;
				CLANG_WARN_DEPRECATED_OBJC_IMPLEMENTATIONS = YES;
				CLANG_WARN_DIRECT_OBJC_ISA_USAGE = YES_ERROR;
				CLANG_WARN_DOCUMENTATION_COMMENTS = YES;
				CLANG_WARN_EMPTY_BODY = YES;
				CLANG_WARN_ENUM_CONVERSION = YES;
				CLANG_WARN_INFINITE_RECURSION = YES;
				CLANG_WARN_INT_CONVERSION = YES;
				CLANG_WARN_NON_LITERAL_NULL_CONVERSION = YES;
				CLANG_WARN_OBJC_IMPLICIT_RETAIN_SELF = YES;
				CLANG_WARN_OBJC_LITERAL_CONVERSION = YES;
				CLANG_WARN_OBJC_ROOT_CLASS = YES_ERROR;
				CLANG_WARN_RANGE_LOOP_ANALYSIS = YES;
				CLANG_WARN_STRICT_PROTOTYPES = YES;
				CLANG_WARN_SUSPICIOUS_MOVE = YES;
				CLANG_WARN_UNGUARDED_AVAILABILITY = YES_AGGRESSIVE;
				CLANG_WARN_UNREACHABLE_CODE = YES;
				CLANG_WARN__DUPLICATE_METHOD_MATCH = YES;
				COPY_PHASE_STRIP = NO;
				DEBUG_INFORMATION_FORMAT = dwarf;
				ENABLE_STRICT_OBJC_MSGSEND = YES;
				ENABLE_TESTABILITY = YES;
				GCC_C_LANGUAGE_STANDARD = gnu11;
				GCC_DYNAMIC_NO_PIC = NO;
				GCC_NO_COMMON_BLOCKS = YES;
				GCC_OPTIMIZATION_LEVEL = 0;
				GCC_PREPROCESSOR_DEFINITIONS = (
					"DEBUG=1",
					"$(inherited)",
				);
				GCC_WARN_64_TO_32_BIT_CONVERSION = YES;
				GCC_WARN_ABOUT_RETURN_TYPE = YES_ERROR;
				GCC_WARN_UNDECLARED_SELECTOR = YES;
				GCC_WARN_UNINITIALIZED_AUTOS = YES_AGGRESSIVE;
				GCC_WARN_UNUSED_FUNCTION = YES;
				GCC_WARN_UNUSED_VARIABLE = YES;
				IPHONEOS_DEPLOYMENT_TARGET = 13.2;
				MTL_ENABLE_DEBUG_INFO = INCLUDE_SOURCE;
				MTL_FAST_MATH = YES;
				ONLY_ACTIVE_ARCH = YES;
				SDKROOT = iphoneos;
				SWIFT_ACTIVE_COMPILATION_CONDITIONS = DEBUG;
				SWIFT_OPTIMIZATION_LEVEL = "-Onone";
			};
			name = Debug;
		};
		B3EAC14D243FE1E000298E21 /* Release */ = {
			isa = XCBuildConfiguration;
			buildSettings = {
				ALWAYS_SEARCH_USER_PATHS = NO;
				CLANG_ANALYZER_NONNULL = YES;
				CLANG_ANALYZER_NUMBER_OBJECT_CONVERSION = YES_AGGRESSIVE;
				CLANG_CXX_LANGUAGE_STANDARD = "gnu++14";
				CLANG_CXX_LIBRARY = "libc++";
				CLANG_ENABLE_MODULES = YES;
				CLANG_ENABLE_OBJC_ARC = YES;
				CLANG_ENABLE_OBJC_WEAK = YES;
				CLANG_WARN_BLOCK_CAPTURE_AUTORELEASING = YES;
				CLANG_WARN_BOOL_CONVERSION = YES;
				CLANG_WARN_COMMA = YES;
				CLANG_WARN_CONSTANT_CONVERSION = YES;
				CLANG_WARN_DEPRECATED_OBJC_IMPLEMENTATIONS = YES;
				CLANG_WARN_DIRECT_OBJC_ISA_USAGE = YES_ERROR;
				CLANG_WARN_DOCUMENTATION_COMMENTS = YES;
				CLANG_WARN_EMPTY_BODY = YES;
				CLANG_WARN_ENUM_CONVERSION = YES;
				CLANG_WARN_INFINITE_RECURSION = YES;
				CLANG_WARN_INT_CONVERSION = YES;
				CLANG_WARN_NON_LITERAL_NULL_CONVERSION = YES;
				CLANG_WARN_OBJC_IMPLICIT_RETAIN_SELF = YES;
				CLANG_WARN_OBJC_LITERAL_CONVERSION = YES;
				CLANG_WARN_OBJC_ROOT_CLASS = YES_ERROR;
				CLANG_WARN_RANGE_LOOP_ANALYSIS = YES;
				CLANG_WARN_STRICT_PROTOTYPES = YES;
				CLANG_WARN_SUSPICIOUS_MOVE = YES;
				CLANG_WARN_UNGUARDED_AVAILABILITY = YES_AGGRESSIVE;
				CLANG_WARN_UNREACHABLE_CODE = YES;
				CLANG_WARN__DUPLICATE_METHOD_MATCH = YES;
				COPY_PHASE_STRIP = NO;
				DEBUG_INFORMATION_FORMAT = "dwarf-with-dsym";
				ENABLE_NS_ASSERTIONS = NO;
				ENABLE_STRICT_OBJC_MSGSEND = YES;
				GCC_C_LANGUAGE_STANDARD = gnu11;
				GCC_NO_COMMON_BLOCKS = YES;
				GCC_WARN_64_TO_32_BIT_CONVERSION = YES;
				GCC_WARN_ABOUT_RETURN_TYPE = YES_ERROR;
				GCC_WARN_UNDECLARED_SELECTOR = YES;
				GCC_WARN_UNINITIALIZED_AUTOS = YES_AGGRESSIVE;
				GCC_WARN_UNUSED_FUNCTION = YES;
				GCC_WARN_UNUSED_VARIABLE = YES;
				IPHONEOS_DEPLOYMENT_TARGET = 13.2;
				MTL_ENABLE_DEBUG_INFO = NO;
				MTL_FAST_MATH = YES;
				SDKROOT = iphoneos;
				SWIFT_COMPILATION_MODE = wholemodule;
				SWIFT_OPTIMIZATION_LEVEL = "-O";
				VALIDATE_PRODUCT = YES;
			};
			name = Release;
		};
		B3EAC14F243FE1E000298E21 /* Debug */ = {
			isa = XCBuildConfiguration;
			buildSettings = {
				ASSETCATALOG_COMPILER_APPICON_NAME = AppIcon;
				CODE_SIGN_STYLE = Automatic;
				DEVELOPMENT_TEAM = X74VG8LAZG;
				INFOPLIST_FILE = "project-seven/Info.plist";
				LD_RUNPATH_SEARCH_PATHS = (
					"$(inherited)",
					"@executable_path/Frameworks",
				);
				PRODUCT_BUNDLE_IDENTIFIER = "Pamela-Ianovalli.project-seven";
				PRODUCT_NAME = "$(TARGET_NAME)";
				SWIFT_VERSION = 5.0;
				TARGETED_DEVICE_FAMILY = "1,2";
			};
			name = Debug;
		};
		B3EAC150243FE1E000298E21 /* Release */ = {
			isa = XCBuildConfiguration;
			buildSettings = {
				ASSETCATALOG_COMPILER_APPICON_NAME = AppIcon;
				CODE_SIGN_STYLE = Automatic;
				DEVELOPMENT_TEAM = X74VG8LAZG;
				INFOPLIST_FILE = "project-seven/Info.plist";
				LD_RUNPATH_SEARCH_PATHS = (
					"$(inherited)",
					"@executable_path/Frameworks",
				);
				PRODUCT_BUNDLE_IDENTIFIER = "Pamela-Ianovalli.project-seven";
				PRODUCT_NAME = "$(TARGET_NAME)";
				SWIFT_VERSION = 5.0;
				TARGETED_DEVICE_FAMILY = "1,2";
			};
			name = Release;
		};
		B3EAC152243FE1E000298E21 /* Debug */ = {
			isa = XCBuildConfiguration;
			buildSettings = {
				ALWAYS_EMBED_SWIFT_STANDARD_LIBRARIES = YES;
				BUNDLE_LOADER = "$(TEST_HOST)";
				CODE_SIGN_STYLE = Automatic;
				DEVELOPMENT_TEAM = X74VG8LAZG;
				INFOPLIST_FILE = "project-sevenTests/Info.plist";
				IPHONEOS_DEPLOYMENT_TARGET = 13.2;
				LD_RUNPATH_SEARCH_PATHS = (
					"$(inherited)",
					"@executable_path/Frameworks",
					"@loader_path/Frameworks",
				);
				PRODUCT_BUNDLE_IDENTIFIER = "Pamela-Ianovalli.project-sevenTests";
				PRODUCT_NAME = "$(TARGET_NAME)";
				SWIFT_VERSION = 5.0;
				TARGETED_DEVICE_FAMILY = "1,2";
				TEST_HOST = "$(BUILT_PRODUCTS_DIR)/project-seven.app/project-seven";
			};
			name = Debug;
		};
		B3EAC153243FE1E000298E21 /* Release */ = {
			isa = XCBuildConfiguration;
			buildSettings = {
				ALWAYS_EMBED_SWIFT_STANDARD_LIBRARIES = YES;
				BUNDLE_LOADER = "$(TEST_HOST)";
				CODE_SIGN_STYLE = Automatic;
				DEVELOPMENT_TEAM = X74VG8LAZG;
				INFOPLIST_FILE = "project-sevenTests/Info.plist";
				IPHONEOS_DEPLOYMENT_TARGET = 13.2;
				LD_RUNPATH_SEARCH_PATHS = (
					"$(inherited)",
					"@executable_path/Frameworks",
					"@loader_path/Frameworks",
				);
				PRODUCT_BUNDLE_IDENTIFIER = "Pamela-Ianovalli.project-sevenTests";
				PRODUCT_NAME = "$(TARGET_NAME)";
				SWIFT_VERSION = 5.0;
				TARGETED_DEVICE_FAMILY = "1,2";
				TEST_HOST = "$(BUILT_PRODUCTS_DIR)/project-seven.app/project-seven";
			};
			name = Release;
		};
		B3EAC155243FE1E000298E21 /* Debug */ = {
			isa = XCBuildConfiguration;
			buildSettings = {
				ALWAYS_EMBED_SWIFT_STANDARD_LIBRARIES = YES;
				CODE_SIGN_STYLE = Automatic;
				DEVELOPMENT_TEAM = X74VG8LAZG;
				INFOPLIST_FILE = "project-sevenUITests/Info.plist";
				LD_RUNPATH_SEARCH_PATHS = (
					"$(inherited)",
					"@executable_path/Frameworks",
					"@loader_path/Frameworks",
				);
				PRODUCT_BUNDLE_IDENTIFIER = "Pamela-Ianovalli.project-sevenUITests";
				PRODUCT_NAME = "$(TARGET_NAME)";
				SWIFT_VERSION = 5.0;
				TARGETED_DEVICE_FAMILY = "1,2";
				TEST_TARGET_NAME = "project-seven";
			};
			name = Debug;
		};
		B3EAC156243FE1E000298E21 /* Release */ = {
			isa = XCBuildConfiguration;
			buildSettings = {
				ALWAYS_EMBED_SWIFT_STANDARD_LIBRARIES = YES;
				CODE_SIGN_STYLE = Automatic;
				DEVELOPMENT_TEAM = X74VG8LAZG;
				INFOPLIST_FILE = "project-sevenUITests/Info.plist";
				LD_RUNPATH_SEARCH_PATHS = (
					"$(inherited)",
					"@executable_path/Frameworks",
					"@loader_path/Frameworks",
				);
				PRODUCT_BUNDLE_IDENTIFIER = "Pamela-Ianovalli.project-sevenUITests";
				PRODUCT_NAME = "$(TARGET_NAME)";
				SWIFT_VERSION = 5.0;
				TARGETED_DEVICE_FAMILY = "1,2";
				TEST_TARGET_NAME = "project-seven";
			};
			name = Release;
		};
/* End XCBuildConfiguration section */

/* Begin XCConfigurationList section */
		B3EAC11F243FE1DC00298E21 /* Build configuration list for PBXProject "project-seven" */ = {
			isa = XCConfigurationList;
			buildConfigurations = (
				B3EAC14C243FE1E000298E21 /* Debug */,
				B3EAC14D243FE1E000298E21 /* Release */,
			);
			defaultConfigurationIsVisible = 0;
			defaultConfigurationName = Release;
		};
		B3EAC14E243FE1E000298E21 /* Build configuration list for PBXNativeTarget "project-seven" */ = {
			isa = XCConfigurationList;
			buildConfigurations = (
				B3EAC14F243FE1E000298E21 /* Debug */,
				B3EAC150243FE1E000298E21 /* Release */,
			);
			defaultConfigurationIsVisible = 0;
			defaultConfigurationName = Release;
		};
		B3EAC151243FE1E000298E21 /* Build configuration list for PBXNativeTarget "project-sevenTests" */ = {
			isa = XCConfigurationList;
			buildConfigurations = (
				B3EAC152243FE1E000298E21 /* Debug */,
				B3EAC153243FE1E000298E21 /* Release */,
			);
			defaultConfigurationIsVisible = 0;
			defaultConfigurationName = Release;
		};
		B3EAC154243FE1E000298E21 /* Build configuration list for PBXNativeTarget "project-sevenUITests" */ = {
			isa = XCConfigurationList;
			buildConfigurations = (
				B3EAC155243FE1E000298E21 /* Debug */,
				B3EAC156243FE1E000298E21 /* Release */,
			);
			defaultConfigurationIsVisible = 0;
			defaultConfigurationName = Release;
		};
/* End XCConfigurationList section */
	};
	rootObject = B3EAC11C243FE1DC00298E21 /* Project object */;
}
