// !$*UTF8*$!
{
	archiveVersion = 1;
	classes = {
	};
	objectVersion = 50;
	objects = {

/* Begin PBXBuildFile section */
		B33C0857248D994D00D51D68 /* AppDelegate.swift in Sources */ = {isa = PBXBuildFile; fileRef = B33C0856248D994D00D51D68 /* AppDelegate.swift */; };
		B33C0859248D994D00D51D68 /* SceneDelegate.swift in Sources */ = {isa = PBXBuildFile; fileRef = B33C0858248D994D00D51D68 /* SceneDelegate.swift */; };
		B33C085B248D994D00D51D68 /* ViewController.swift in Sources */ = {isa = PBXBuildFile; fileRef = B33C085A248D994D00D51D68 /* ViewController.swift */; };
		B33C085E248D994D00D51D68 /* Main.storyboard in Resources */ = {isa = PBXBuildFile; fileRef = B33C085C248D994D00D51D68 /* Main.storyboard */; };
		B33C0860248D995000D51D68 /* Assets.xcassets in Resources */ = {isa = PBXBuildFile; fileRef = B33C085F248D995000D51D68 /* Assets.xcassets */; };
		B33C0863248D995000D51D68 /* LaunchScreen.storyboard in Resources */ = {isa = PBXBuildFile; fileRef = B33C0861248D995000D51D68 /* LaunchScreen.storyboard */; };
		B33C086C248DA0E400D51D68 /* KeychainWrapper.swift in Sources */ = {isa = PBXBuildFile; fileRef = B33C086A248DA0E400D51D68 /* KeychainWrapper.swift */; };
		B33C086D248DA0E400D51D68 /* KeychainItemAccessibility.swift in Sources */ = {isa = PBXBuildFile; fileRef = B33C086B248DA0E400D51D68 /* KeychainItemAccessibility.swift */; };
/* End PBXBuildFile section */

/* Begin PBXFileReference section */
		B33C0853248D994D00D51D68 /* project-twentyEight.app */ = {isa = PBXFileReference; explicitFileType = wrapper.application; includeInIndex = 0; path = "project-twentyEight.app"; sourceTree = BUILT_PRODUCTS_DIR; };
		B33C0856248D994D00D51D68 /* AppDelegate.swift */ = {isa = PBXFileReference; lastKnownFileType = sourcecode.swift; path = AppDelegate.swift; sourceTree = "<group>"; };
		B33C0858248D994D00D51D68 /* SceneDelegate.swift */ = {isa = PBXFileReference; lastKnownFileType = sourcecode.swift; path = SceneDelegate.swift; sourceTree = "<group>"; };
		B33C085A248D994D00D51D68 /* ViewController.swift */ = {isa = PBXFileReference; lastKnownFileType = sourcecode.swift; path = ViewController.swift; sourceTree = "<group>"; };
		B33C085D248D994D00D51D68 /* Base */ = {isa = PBXFileReference; lastKnownFileType = file.storyboard; name = Base; path = Base.lproj/Main.storyboard; sourceTree = "<group>"; };
		B33C085F248D995000D51D68 /* Assets.xcassets */ = {isa = PBXFileReference; lastKnownFileType = folder.assetcatalog; path = Assets.xcassets; sourceTree = "<group>"; };
		B33C0862248D995000D51D68 /* Base */ = {isa = PBXFileReference; lastKnownFileType = file.storyboard; name = Base; path = Base.lproj/LaunchScreen.storyboard; sourceTree = "<group>"; };
		B33C0864248D995000D51D68 /* Info.plist */ = {isa = PBXFileReference; lastKnownFileType = text.plist.xml; path = Info.plist; sourceTree = "<group>"; };
		B33C086A248DA0E400D51D68 /* KeychainWrapper.swift */ = {isa = PBXFileReference; fileEncoding = 4; lastKnownFileType = sourcecode.swift; path = KeychainWrapper.swift; sourceTree = "<group>"; };
		B33C086B248DA0E400D51D68 /* KeychainItemAccessibility.swift */ = {isa = PBXFileReference; fileEncoding = 4; lastKnownFileType = sourcecode.swift; path = KeychainItemAccessibility.swift; sourceTree = "<group>"; };
/* End PBXFileReference section */

/* Begin PBXFrameworksBuildPhase section */
		B33C0850248D994D00D51D68 /* Frameworks */ = {
			isa = PBXFrameworksBuildPhase;
			buildActionMask = 2147483647;
			files = (
			);
			runOnlyForDeploymentPostprocessing = 0;
		};
/* End PBXFrameworksBuildPhase section */

/* Begin PBXGroup section */
		B33C084A248D994D00D51D68 = {
			isa = PBXGroup;
			children = (
				B33C0855248D994D00D51D68 /* project-twentyEight */,
				B33C0854248D994D00D51D68 /* Products */,
			);
			sourceTree = "<group>";
		};
		B33C0854248D994D00D51D68 /* Products */ = {
			isa = PBXGroup;
			children = (
				B33C0853248D994D00D51D68 /* project-twentyEight.app */,
			);
			name = Products;
			sourceTree = "<group>";
		};
		B33C0855248D994D00D51D68 /* project-twentyEight */ = {
			isa = PBXGroup;
			children = (
				B33C0856248D994D00D51D68 /* AppDelegate.swift */,
				B33C0858248D994D00D51D68 /* SceneDelegate.swift */,
				B33C085A248D994D00D51D68 /* ViewController.swift */,
				B33C085C248D994D00D51D68 /* Main.storyboard */,
				B33C085F248D995000D51D68 /* Assets.xcassets */,
				B33C0861248D995000D51D68 /* LaunchScreen.storyboard */,
				B33C0864248D995000D51D68 /* Info.plist */,
				B33C086B248DA0E400D51D68 /* KeychainItemAccessibility.swift */,
				B33C086A248DA0E400D51D68 /* KeychainWrapper.swift */,
			);
			path = "project-twentyEight";
			sourceTree = "<group>";
		};
/* End PBXGroup section */

/* Begin PBXNativeTarget section */
		B33C0852248D994D00D51D68 /* project-twentyEight */ = {
			isa = PBXNativeTarget;
			buildConfigurationList = B33C0867248D995000D51D68 /* Build configuration list for PBXNativeTarget "project-twentyEight" */;
			buildPhases = (
				B33C084F248D994D00D51D68 /* Sources */,
				B33C0850248D994D00D51D68 /* Frameworks */,
				B33C0851248D994D00D51D68 /* Resources */,
			);
			buildRules = (
			);
			dependencies = (
			);
			name = "project-twentyEight";
			productName = "project-twentyEight";
			productReference = B33C0853248D994D00D51D68 /* project-twentyEight.app */;
			productType = "com.apple.product-type.application";
		};
/* End PBXNativeTarget section */

/* Begin PBXProject section */
		B33C084B248D994D00D51D68 /* Project object */ = {
			isa = PBXProject;
			attributes = {
				LastSwiftUpdateCheck = 1130;
				LastUpgradeCheck = 1130;
				ORGANIZATIONNAME = "Pamela Ianovalli";
				TargetAttributes = {
					B33C0852248D994D00D51D68 = {
						CreatedOnToolsVersion = 11.3.1;
					};
				};
			};
			buildConfigurationList = B33C084E248D994D00D51D68 /* Build configuration list for PBXProject "project-twentyEight" */;
			compatibilityVersion = "Xcode 9.3";
			developmentRegion = en;
			hasScannedForEncodings = 0;
			knownRegions = (
				en,
				Base,
			);
			mainGroup = B33C084A248D994D00D51D68;
			productRefGroup = B33C0854248D994D00D51D68 /* Products */;
			projectDirPath = "";
			projectRoot = "";
			targets = (
				B33C0852248D994D00D51D68 /* project-twentyEight */,
			);
		};
/* End PBXProject section */

/* Begin PBXResourcesBuildPhase section */
		B33C0851248D994D00D51D68 /* Resources */ = {
			isa = PBXResourcesBuildPhase;
			buildActionMask = 2147483647;
			files = (
				B33C0863248D995000D51D68 /* LaunchScreen.storyboard in Resources */,
				B33C0860248D995000D51D68 /* Assets.xcassets in Resources */,
				B33C085E248D994D00D51D68 /* Main.storyboard in Resources */,
			);
			runOnlyForDeploymentPostprocessing = 0;
		};
/* End PBXResourcesBuildPhase section */

/* Begin PBXSourcesBuildPhase section */
		B33C084F248D994D00D51D68 /* Sources */ = {
			isa = PBXSourcesBuildPhase;
			buildActionMask = 2147483647;
			files = (
				B33C085B248D994D00D51D68 /* ViewController.swift in Sources */,
				B33C086C248DA0E400D51D68 /* KeychainWrapper.swift in Sources */,
				B33C0857248D994D00D51D68 /* AppDelegate.swift in Sources */,
				B33C086D248DA0E400D51D68 /* KeychainItemAccessibility.swift in Sources */,
				B33C0859248D994D00D51D68 /* SceneDelegate.swift in Sources */,
			);
			runOnlyForDeploymentPostprocessing = 0;
		};
/* End PBXSourcesBuildPhase section */

/* Begin PBXVariantGroup section */
		B33C085C248D994D00D51D68 /* Main.storyboard */ = {
			isa = PBXVariantGroup;
			children = (
				B33C085D248D994D00D51D68 /* Base */,
			);
			name = Main.storyboard;
			sourceTree = "<group>";
		};
		B33C0861248D995000D51D68 /* LaunchScreen.storyboard */ = {
			isa = PBXVariantGroup;
			children = (
				B33C0862248D995000D51D68 /* Base */,
			);
			name = LaunchScreen.storyboard;
			sourceTree = "<group>";
		};
/* End PBXVariantGroup section */

/* Begin XCBuildConfiguration section */
		B33C0865248D995000D51D68 /* Debug */ = {
			isa = XCBuildConfiguration;
			buildSettings = {
				ALWAYS_SEARCH_USER_PATHS = NO;
				CLANG_ANALYZER_NONNULL = YES;
				CLANG_ANALYZER_NUMBER_OBJECT_CONVERSION = YES_AGGRESSIVE;
				CLANG_CXX_LANGUAGE_STANDARD = "gnu++14";
				CLANG_CXX_LIBRARY = "libc++";
				CLANG_ENABLE_MODULES = YES;
				CLANG_ENABLE_OBJC_ARC = YES;
				CLANG_ENABLE_OBJC_WEAK = YES;
				CLANG_WARN_BLOCK_CAPTURE_AUTORELEASING = YES;
				CLANG_WARN_BOOL_CONVERSION = YES;
				CLANG_WARN_COMMA = YES;
				CLANG_WARN_CONSTANT_CONVERSION = YES;
				CLANG_WARN_DEPRECATED_OBJC_IMPLEMENTATIONS = YES;
				CLANG_WARN_DIRECT_OBJC_ISA_USAGE = YES_ERROR;
				CLANG_WARN_DOCUMENTATION_COMMENTS = YES;
				CLANG_WARN_EMPTY_BODY = YES;
				CLANG_WARN_ENUM_CONVERSION = YES;
				CLANG_WARN_INFINITE_RECURSION = YES;
				CLANG_WARN_INT_CONVERSION = YES;
				CLANG_WARN_NON_LITERAL_NULL_CONVERSION = YES;
				CLANG_WARN_OBJC_IMPLICIT_RETAIN_SELF = YES;
				CLANG_WARN_OBJC_LITERAL_CONVERSION = YES;
				CLANG_WARN_OBJC_ROOT_CLASS = YES_ERROR;
				CLANG_WARN_RANGE_LOOP_ANALYSIS = YES;
				CLANG_WARN_STRICT_PROTOTYPES = YES;
				CLANG_WARN_SUSPICIOUS_MOVE = YES;
				CLANG_WARN_UNGUARDED_AVAILABILITY = YES_AGGRESSIVE;
				CLANG_WARN_UNREACHABLE_CODE = YES;
				CLANG_WARN__DUPLICATE_METHOD_MATCH = YES;
				COPY_PHASE_STRIP = NO;
				DEBUG_INFORMATION_FORMAT = dwarf;
				ENABLE_STRICT_OBJC_MSGSEND = YES;
				ENABLE_TESTABILITY = YES;
				GCC_C_LANGUAGE_STANDARD = gnu11;
				GCC_DYNAMIC_NO_PIC = NO;
				GCC_NO_COMMON_BLOCKS = YES;
				GCC_OPTIMIZATION_LEVEL = 0;
				GCC_PREPROCESSOR_DEFINITIONS = (
					"DEBUG=1",
					"$(inherited)",
				);
				GCC_WARN_64_TO_32_BIT_CONVERSION = YES;
				GCC_WARN_ABOUT_RETURN_TYPE = YES_ERROR;
				GCC_WARN_UNDECLARED_SELECTOR = YES;
				GCC_WARN_UNINITIALIZED_AUTOS = YES_AGGRESSIVE;
				GCC_WARN_UNUSED_FUNCTION = YES;
				GCC_WARN_UNUSED_VARIABLE = YES;
				IPHONEOS_DEPLOYMENT_TARGET = 13.2;
				MTL_ENABLE_DEBUG_INFO = INCLUDE_SOURCE;
				MTL_FAST_MATH = YES;
				ONLY_ACTIVE_ARCH = YES;
				SDKROOT = iphoneos;
				SWIFT_ACTIVE_COMPILATION_CONDITIONS = DEBUG;
				SWIFT_OPTIMIZATION_LEVEL = "-Onone";
			};
			name = Debug;
		};
		B33C0866248D995000D51D68 /* Release */ = {
			isa = XCBuildConfiguration;
			buildSettings = {
				ALWAYS_SEARCH_USER_PATHS = NO;
				CLANG_ANALYZER_NONNULL = YES;
				CLANG_ANALYZER_NUMBER_OBJECT_CONVERSION = YES_AGGRESSIVE;
				CLANG_CXX_LANGUAGE_STANDARD = "gnu++14";
				CLANG_CXX_LIBRARY = "libc++";
				CLANG_ENABLE_MODULES = YES;
				CLANG_ENABLE_OBJC_ARC = YES;
				CLANG_ENABLE_OBJC_WEAK = YES;
				CLANG_WARN_BLOCK_CAPTURE_AUTORELEASING = YES;
				CLANG_WARN_BOOL_CONVERSION = YES;
				CLANG_WARN_COMMA = YES;
				CLANG_WARN_CONSTANT_CONVERSION = YES;
				CLANG_WARN_DEPRECATED_OBJC_IMPLEMENTATIONS = YES;
				CLANG_WARN_DIRECT_OBJC_ISA_USAGE = YES_ERROR;
				CLANG_WARN_DOCUMENTATION_COMMENTS = YES;
				CLANG_WARN_EMPTY_BODY = YES;
				CLANG_WARN_ENUM_CONVERSION = YES;
				CLANG_WARN_INFINITE_RECURSION = YES;
				CLANG_WARN_INT_CONVERSION = YES;
				CLANG_WARN_NON_LITERAL_NULL_CONVERSION = YES;
				CLANG_WARN_OBJC_IMPLICIT_RETAIN_SELF = YES;
				CLANG_WARN_OBJC_LITERAL_CONVERSION = YES;
				CLANG_WARN_OBJC_ROOT_CLASS = YES_ERROR;
				CLANG_WARN_RANGE_LOOP_ANALYSIS = YES;
				CLANG_WARN_STRICT_PROTOTYPES = YES;
				CLANG_WARN_SUSPICIOUS_MOVE = YES;
				CLANG_WARN_UNGUARDED_AVAILABILITY = YES_AGGRESSIVE;
				CLANG_WARN_UNREACHABLE_CODE = YES;
				CLANG_WARN__DUPLICATE_METHOD_MATCH = YES;
				COPY_PHASE_STRIP = NO;
				DEBUG_INFORMATION_FORMAT = "dwarf-with-dsym";
				ENABLE_NS_ASSERTIONS = NO;
				ENABLE_STRICT_OBJC_MSGSEND = YES;
				GCC_C_LANGUAGE_STANDARD = gnu11;
				GCC_NO_COMMON_BLOCKS = YES;
				GCC_WARN_64_TO_32_BIT_CONVERSION = YES;
				GCC_WARN_ABOUT_RETURN_TYPE = YES_ERROR;
				GCC_WARN_UNDECLARED_SELECTOR = YES;
				GCC_WARN_UNINITIALIZED_AUTOS = YES_AGGRESSIVE;
				GCC_WARN_UNUSED_FUNCTION = YES;
				GCC_WARN_UNUSED_VARIABLE = YES;
				IPHONEOS_DEPLOYMENT_TARGET = 13.2;
				MTL_ENABLE_DEBUG_INFO = NO;
				MTL_FAST_MATH = YES;
				SDKROOT = iphoneos;
				SWIFT_COMPILATION_MODE = wholemodule;
				SWIFT_OPTIMIZATION_LEVEL = "-O";
				VALIDATE_PRODUCT = YES;
			};
			name = Release;
		};
		B33C0868248D995000D51D68 /* Debug */ = {
			isa = XCBuildConfiguration;
			buildSettings = {
				ASSETCATALOG_COMPILER_APPICON_NAME = AppIcon;
				CODE_SIGN_STYLE = Automatic;
				DEVELOPMENT_TEAM = X74VG8LAZG;
				INFOPLIST_FILE = "project-twentyEight/Info.plist";
				LD_RUNPATH_SEARCH_PATHS = (
					"$(inherited)",
					"@executable_path/Frameworks",
				);
				PRODUCT_BUNDLE_IDENTIFIER = "Pamela-Ianovalli.project-twentyEight";
				PRODUCT_NAME = "$(TARGET_NAME)";
				SWIFT_VERSION = 5.0;
				TARGETED_DEVICE_FAMILY = "1,2";
			};
			name = Debug;
		};
		B33C0869248D995000D51D68 /* Release */ = {
			isa = XCBuildConfiguration;
			buildSettings = {
				ASSETCATALOG_COMPILER_APPICON_NAME = AppIcon;
				CODE_SIGN_STYLE = Automatic;
				DEVELOPMENT_TEAM = X74VG8LAZG;
				INFOPLIST_FILE = "project-twentyEight/Info.plist";
				LD_RUNPATH_SEARCH_PATHS = (
					"$(inherited)",
					"@executable_path/Frameworks",
				);
				PRODUCT_BUNDLE_IDENTIFIER = "Pamela-Ianovalli.project-twentyEight";
				PRODUCT_NAME = "$(TARGET_NAME)";
				SWIFT_VERSION = 5.0;
				TARGETED_DEVICE_FAMILY = "1,2";
			};
			name = Release;
		};
/* End XCBuildConfiguration section */

/* Begin XCConfigurationList section */
		B33C084E248D994D00D51D68 /* Build configuration list for PBXProject "project-twentyEight" */ = {
			isa = XCConfigurationList;
			buildConfigurations = (
				B33C0865248D995000D51D68 /* Debug */,
				B33C0866248D995000D51D68 /* Release */,
			);
			defaultConfigurationIsVisible = 0;
			defaultConfigurationName = Release;
		};
		B33C0867248D995000D51D68 /* Build configuration list for PBXNativeTarget "project-twentyEight" */ = {
			isa = XCConfigurationList;
			buildConfigurations = (
				B33C0868248D995000D51D68 /* Debug */,
				B33C0869248D995000D51D68 /* Release */,
			);
			defaultConfigurationIsVisible = 0;
			defaultConfigurationName = Release;
		};
/* End XCConfigurationList section */
	};
	rootObject = B33C084B248D994D00D51D68 /* Project object */;
}
