// !$*UTF8*$!
{
	archiveVersion = 1;
	classes = {
	};
	objectVersion = 50;
	objects = {

/* Begin PBXBuildFile section */
		B34AE9EB246E2DAF0009183F /* AppDelegate.swift in Sources */ = {isa = PBXBuildFile; fileRef = B34AE9EA246E2DAF0009183F /* AppDelegate.swift */; };
		B34AE9ED246E2DAF0009183F /* SceneDelegate.swift in Sources */ = {isa = PBXBuildFile; fileRef = B34AE9EC246E2DAF0009183F /* SceneDelegate.swift */; };
		B34AE9EF246E2DAF0009183F /* ViewController.swift in Sources */ = {isa = PBXBuildFile; fileRef = B34AE9EE246E2DAF0009183F /* ViewController.swift */; };
		B34AE9F2246E2DAF0009183F /* Main.storyboard in Resources */ = {isa = PBXBuildFile; fileRef = B34AE9F0246E2DAF0009183F /* Main.storyboard */; };
		B34AE9F4246E2DB40009183F /* Assets.xcassets in Resources */ = {isa = PBXBuildFile; fileRef = B34AE9F3246E2DB40009183F /* Assets.xcassets */; };
		B34AE9F7246E2DB40009183F /* LaunchScreen.storyboard in Resources */ = {isa = PBXBuildFile; fileRef = B34AE9F5246E2DB40009183F /* LaunchScreen.storyboard */; };
		B34AEA05246E346C0009183F /* Media.xcassets in Resources */ = {isa = PBXBuildFile; fileRef = B34AEA04246E346C0009183F /* Media.xcassets */; };
		B34AEA07246E346C0009183F /* ActionViewController.swift in Sources */ = {isa = PBXBuildFile; fileRef = B34AEA06246E346C0009183F /* ActionViewController.swift */; };
		B34AEA0A246E346C0009183F /* MainInterface.storyboard in Resources */ = {isa = PBXBuildFile; fileRef = B34AEA08246E346C0009183F /* MainInterface.storyboard */; };
		B34AEA0E246E346C0009183F /* Extension.appex in Embed App Extensions */ = {isa = PBXBuildFile; fileRef = B34AEA02246E346C0009183F /* Extension.appex */; settings = {ATTRIBUTES = (RemoveHeadersOnCopy, ); }; };
		B34AEA14246E38F40009183F /* Action.js in Resources */ = {isa = PBXBuildFile; fileRef = B34AEA13246E38F40009183F /* Action.js */; };
/* End PBXBuildFile section */

/* Begin PBXContainerItemProxy section */
		B34AEA0C246E346C0009183F /* PBXContainerItemProxy */ = {
			isa = PBXContainerItemProxy;
			containerPortal = B34AE9DF246E2DAF0009183F /* Project object */;
			proxyType = 1;
			remoteGlobalIDString = B34AEA01246E346C0009183F;
			remoteInfo = Extension;
		};
/* End PBXContainerItemProxy section */

/* Begin PBXCopyFilesBuildPhase section */
		B34AEA12246E346C0009183F /* Embed App Extensions */ = {
			isa = PBXCopyFilesBuildPhase;
			buildActionMask = 2147483647;
			dstPath = "";
			dstSubfolderSpec = 13;
			files = (
				B34AEA0E246E346C0009183F /* Extension.appex in Embed App Extensions */,
			);
			name = "Embed App Extensions";
			runOnlyForDeploymentPostprocessing = 0;
		};
/* End PBXCopyFilesBuildPhase section */

/* Begin PBXFileReference section */
		B34AE9E7246E2DAF0009183F /* project-nineteen.app */ = {isa = PBXFileReference; explicitFileType = wrapper.application; includeInIndex = 0; path = "project-nineteen.app"; sourceTree = BUILT_PRODUCTS_DIR; };
		B34AE9EA246E2DAF0009183F /* AppDelegate.swift */ = {isa = PBXFileReference; lastKnownFileType = sourcecode.swift; path = AppDelegate.swift; sourceTree = "<group>"; };
		B34AE9EC246E2DAF0009183F /* SceneDelegate.swift */ = {isa = PBXFileReference; lastKnownFileType = sourcecode.swift; path = SceneDelegate.swift; sourceTree = "<group>"; };
		B34AE9EE246E2DAF0009183F /* ViewController.swift */ = {isa = PBXFileReference; lastKnownFileType = sourcecode.swift; path = ViewController.swift; sourceTree = "<group>"; };
		B34AE9F1246E2DAF0009183F /* Base */ = {isa = PBXFileReference; lastKnownFileType = file.storyboard; name = Base; path = Base.lproj/Main.storyboard; sourceTree = "<group>"; };
		B34AE9F3246E2DB40009183F /* Assets.xcassets */ = {isa = PBXFileReference; lastKnownFileType = folder.assetcatalog; path = Assets.xcassets; sourceTree = "<group>"; };
		B34AE9F6246E2DB40009183F /* Base */ = {isa = PBXFileReference; lastKnownFileType = file.storyboard; name = Base; path = Base.lproj/LaunchScreen.storyboard; sourceTree = "<group>"; };
		B34AE9F8246E2DB40009183F /* Info.plist */ = {isa = PBXFileReference; lastKnownFileType = text.plist.xml; path = Info.plist; sourceTree = "<group>"; };
		B34AEA02246E346C0009183F /* Extension.appex */ = {isa = PBXFileReference; explicitFileType = "wrapper.app-extension"; includeInIndex = 0; path = Extension.appex; sourceTree = BUILT_PRODUCTS_DIR; };
		B34AEA04246E346C0009183F /* Media.xcassets */ = {isa = PBXFileReference; lastKnownFileType = folder.assetcatalog; path = Media.xcassets; sourceTree = "<group>"; };
		B34AEA06246E346C0009183F /* ActionViewController.swift */ = {isa = PBXFileReference; lastKnownFileType = sourcecode.swift; path = ActionViewController.swift; sourceTree = "<group>"; };
		B34AEA09246E346C0009183F /* Base */ = {isa = PBXFileReference; lastKnownFileType = file.storyboard; name = Base; path = Base.lproj/MainInterface.storyboard; sourceTree = "<group>"; };
		B34AEA0B246E346C0009183F /* Info.plist */ = {isa = PBXFileReference; lastKnownFileType = text.plist.xml; path = Info.plist; sourceTree = "<group>"; };
		B34AEA13246E38F40009183F /* Action.js */ = {isa = PBXFileReference; lastKnownFileType = sourcecode.javascript; path = Action.js; sourceTree = "<group>"; };
/* End PBXFileReference section */

/* Begin PBXFrameworksBuildPhase section */
		B34AE9E4246E2DAF0009183F /* Frameworks */ = {
			isa = PBXFrameworksBuildPhase;
			buildActionMask = 2147483647;
			files = (
			);
			runOnlyForDeploymentPostprocessing = 0;
		};
		B34AE9FF246E346C0009183F /* Frameworks */ = {
			isa = PBXFrameworksBuildPhase;
			buildActionMask = 2147483647;
			files = (
			);
			runOnlyForDeploymentPostprocessing = 0;
		};
/* End PBXFrameworksBuildPhase section */

/* Begin PBXGroup section */
		B34AE9DE246E2DAF0009183F = {
			isa = PBXGroup;
			children = (
				B34AE9E9246E2DAF0009183F /* project-nineteen */,
				B34AEA03246E346C0009183F /* Extension */,
				B34AE9E8246E2DAF0009183F /* Products */,
			);
			sourceTree = "<group>";
		};
		B34AE9E8246E2DAF0009183F /* Products */ = {
			isa = PBXGroup;
			children = (
				B34AE9E7246E2DAF0009183F /* project-nineteen.app */,
				B34AEA02246E346C0009183F /* Extension.appex */,
			);
			name = Products;
			sourceTree = "<group>";
		};
		B34AE9E9246E2DAF0009183F /* project-nineteen */ = {
			isa = PBXGroup;
			children = (
				B34AE9EA246E2DAF0009183F /* AppDelegate.swift */,
				B34AE9EC246E2DAF0009183F /* SceneDelegate.swift */,
				B34AE9EE246E2DAF0009183F /* ViewController.swift */,
				B34AE9F0246E2DAF0009183F /* Main.storyboard */,
				B34AE9F3246E2DB40009183F /* Assets.xcassets */,
				B34AE9F5246E2DB40009183F /* LaunchScreen.storyboard */,
				B34AE9F8246E2DB40009183F /* Info.plist */,
			);
			path = "project-nineteen";
			sourceTree = "<group>";
		};
		B34AEA03246E346C0009183F /* Extension */ = {
			isa = PBXGroup;
			children = (
				B34AEA04246E346C0009183F /* Media.xcassets */,
				B34AEA06246E346C0009183F /* ActionViewController.swift */,
				B34AEA08246E346C0009183F /* MainInterface.storyboard */,
				B34AEA0B246E346C0009183F /* Info.plist */,
				B34AEA13246E38F40009183F /* Action.js */,
			);
			path = Extension;
			sourceTree = "<group>";
		};
/* End PBXGroup section */

/* Begin PBXNativeTarget section */
		B34AE9E6246E2DAF0009183F /* project-nineteen */ = {
			isa = PBXNativeTarget;
			buildConfigurationList = B34AE9FB246E2DB40009183F /* Build configuration list for PBXNativeTarget "project-nineteen" */;
			buildPhases = (
				B34AE9E3246E2DAF0009183F /* Sources */,
				B34AE9E4246E2DAF0009183F /* Frameworks */,
				B34AE9E5246E2DAF0009183F /* Resources */,
				B34AEA12246E346C0009183F /* Embed App Extensions */,
			);
			buildRules = (
			);
			dependencies = (
				B34AEA0D246E346C0009183F /* PBXTargetDependency */,
			);
			name = "project-nineteen";
			productName = "project-nineteen";
			productReference = B34AE9E7246E2DAF0009183F /* project-nineteen.app */;
			productType = "com.apple.product-type.application";
		};
		B34AEA01246E346C0009183F /* Extension */ = {
			isa = PBXNativeTarget;
			buildConfigurationList = B34AEA0F246E346C0009183F /* Build configuration list for PBXNativeTarget "Extension" */;
			buildPhases = (
				B34AE9FE246E346C0009183F /* Sources */,
				B34AE9FF246E346C0009183F /* Frameworks */,
				B34AEA00246E346C0009183F /* Resources */,
			);
			buildRules = (
			);
			dependencies = (
			);
			name = Extension;
			productName = Extension;
			productReference = B34AEA02246E346C0009183F /* Extension.appex */;
			productType = "com.apple.product-type.app-extension";
		};
/* End PBXNativeTarget section */

/* Begin PBXProject section */
		B34AE9DF246E2DAF0009183F /* Project object */ = {
			isa = PBXProject;
			attributes = {
				LastSwiftUpdateCheck = 1130;
				LastUpgradeCheck = 1130;
				ORGANIZATIONNAME = "Pamela Ianovalli";
				TargetAttributes = {
					B34AE9E6246E2DAF0009183F = {
						CreatedOnToolsVersion = 11.3.1;
					};
					B34AEA01246E346C0009183F = {
						CreatedOnToolsVersion = 11.3.1;
					};
				};
			};
			buildConfigurationList = B34AE9E2246E2DAF0009183F /* Build configuration list for PBXProject "project-nineteen" */;
			compatibilityVersion = "Xcode 9.3";
			developmentRegion = en;
			hasScannedForEncodings = 0;
			knownRegions = (
				en,
				Base,
			);
			mainGroup = B34AE9DE246E2DAF0009183F;
			productRefGroup = B34AE9E8246E2DAF0009183F /* Products */;
			projectDirPath = "";
			projectRoot = "";
			targets = (
				B34AE9E6246E2DAF0009183F /* project-nineteen */,
				B34AEA01246E346C0009183F /* Extension */,
			);
		};
/* End PBXProject section */

/* Begin PBXResourcesBuildPhase section */
		B34AE9E5246E2DAF0009183F /* Resources */ = {
			isa = PBXResourcesBuildPhase;
			buildActionMask = 2147483647;
			files = (
				B34AE9F7246E2DB40009183F /* LaunchScreen.storyboard in Resources */,
				B34AE9F4246E2DB40009183F /* Assets.xcassets in Resources */,
				B34AE9F2246E2DAF0009183F /* Main.storyboard in Resources */,
			);
			runOnlyForDeploymentPostprocessing = 0;
		};
		B34AEA00246E346C0009183F /* Resources */ = {
			isa = PBXResourcesBuildPhase;
			buildActionMask = 2147483647;
			files = (
				B34AEA14246E38F40009183F /* Action.js in Resources */,
				B34AEA05246E346C0009183F /* Media.xcassets in Resources */,
				B34AEA0A246E346C0009183F /* MainInterface.storyboard in Resources */,
			);
			runOnlyForDeploymentPostprocessing = 0;
		};
/* End PBXResourcesBuildPhase section */

/* Begin PBXSourcesBuildPhase section */
		B34AE9E3246E2DAF0009183F /* Sources */ = {
			isa = PBXSourcesBuildPhase;
			buildActionMask = 2147483647;
			files = (
				B34AE9EF246E2DAF0009183F /* ViewController.swift in Sources */,
				B34AE9EB246E2DAF0009183F /* AppDelegate.swift in Sources */,
				B34AE9ED246E2DAF0009183F /* SceneDelegate.swift in Sources */,
			);
			runOnlyForDeploymentPostprocessing = 0;
		};
		B34AE9FE246E346C0009183F /* Sources */ = {
			isa = PBXSourcesBuildPhase;
			buildActionMask = 2147483647;
			files = (
				B34AEA07246E346C0009183F /* ActionViewController.swift in Sources */,
			);
			runOnlyForDeploymentPostprocessing = 0;
		};
/* End PBXSourcesBuildPhase section */

/* Begin PBXTargetDependency section */
		B34AEA0D246E346C0009183F /* PBXTargetDependency */ = {
			isa = PBXTargetDependency;
			target = B34AEA01246E346C0009183F /* Extension */;
			targetProxy = B34AEA0C246E346C0009183F /* PBXContainerItemProxy */;
		};
/* End PBXTargetDependency section */

/* Begin PBXVariantGroup section */
		B34AE9F0246E2DAF0009183F /* Main.storyboard */ = {
			isa = PBXVariantGroup;
			children = (
				B34AE9F1246E2DAF0009183F /* Base */,
			);
			name = Main.storyboard;
			sourceTree = "<group>";
		};
		B34AE9F5246E2DB40009183F /* LaunchScreen.storyboard */ = {
			isa = PBXVariantGroup;
			children = (
				B34AE9F6246E2DB40009183F /* Base */,
			);
			name = LaunchScreen.storyboard;
			sourceTree = "<group>";
		};
		B34AEA08246E346C0009183F /* MainInterface.storyboard */ = {
			isa = PBXVariantGroup;
			children = (
				B34AEA09246E346C0009183F /* Base */,
			);
			name = MainInterface.storyboard;
			sourceTree = "<group>";
		};
/* End PBXVariantGroup section */

/* Begin XCBuildConfiguration section */
		B34AE9F9246E2DB40009183F /* Debug */ = {
			isa = XCBuildConfiguration;
			buildSettings = {
				ALWAYS_SEARCH_USER_PATHS = NO;
				CLANG_ANALYZER_NONNULL = YES;
				CLANG_ANALYZER_NUMBER_OBJECT_CONVERSION = YES_AGGRESSIVE;
				CLANG_CXX_LANGUAGE_STANDARD = "gnu++14";
				CLANG_CXX_LIBRARY = "libc++";
				CLANG_ENABLE_MODULES = YES;
				CLANG_ENABLE_OBJC_ARC = YES;
				CLANG_ENABLE_OBJC_WEAK = YES;
				CLANG_WARN_BLOCK_CAPTURE_AUTORELEASING = YES;
				CLANG_WARN_BOOL_CONVERSION = YES;
				CLANG_WARN_COMMA = YES;
				CLANG_WARN_CONSTANT_CONVERSION = YES;
				CLANG_WARN_DEPRECATED_OBJC_IMPLEMENTATIONS = YES;
				CLANG_WARN_DIRECT_OBJC_ISA_USAGE = YES_ERROR;
				CLANG_WARN_DOCUMENTATION_COMMENTS = YES;
				CLANG_WARN_EMPTY_BODY = YES;
				CLANG_WARN_ENUM_CONVERSION = YES;
				CLANG_WARN_INFINITE_RECURSION = YES;
				CLANG_WARN_INT_CONVERSION = YES;
				CLANG_WARN_NON_LITERAL_NULL_CONVERSION = YES;
				CLANG_WARN_OBJC_IMPLICIT_RETAIN_SELF = YES;
				CLANG_WARN_OBJC_LITERAL_CONVERSION = YES;
				CLANG_WARN_OBJC_ROOT_CLASS = YES_ERROR;
				CLANG_WARN_RANGE_LOOP_ANALYSIS = YES;
				CLANG_WARN_STRICT_PROTOTYPES = YES;
				CLANG_WARN_SUSPICIOUS_MOVE = YES;
				CLANG_WARN_UNGUARDED_AVAILABILITY = YES_AGGRESSIVE;
				CLANG_WARN_UNREACHABLE_CODE = YES;
				CLANG_WARN__DUPLICATE_METHOD_MATCH = YES;
				COPY_PHASE_STRIP = NO;
				DEBUG_INFORMATION_FORMAT = dwarf;
				ENABLE_STRICT_OBJC_MSGSEND = YES;
				ENABLE_TESTABILITY = YES;
				GCC_C_LANGUAGE_STANDARD = gnu11;
				GCC_DYNAMIC_NO_PIC = NO;
				GCC_NO_COMMON_BLOCKS = YES;
				GCC_OPTIMIZATION_LEVEL = 0;
				GCC_PREPROCESSOR_DEFINITIONS = (
					"DEBUG=1",
					"$(inherited)",
				);
				GCC_WARN_64_TO_32_BIT_CONVERSION = YES;
				GCC_WARN_ABOUT_RETURN_TYPE = YES_ERROR;
				GCC_WARN_UNDECLARED_SELECTOR = YES;
				GCC_WARN_UNINITIALIZED_AUTOS = YES_AGGRESSIVE;
				GCC_WARN_UNUSED_FUNCTION = YES;
				GCC_WARN_UNUSED_VARIABLE = YES;
				IPHONEOS_DEPLOYMENT_TARGET = 13.2;
				MTL_ENABLE_DEBUG_INFO = INCLUDE_SOURCE;
				MTL_FAST_MATH = YES;
				ONLY_ACTIVE_ARCH = YES;
				SDKROOT = iphoneos;
				SWIFT_ACTIVE_COMPILATION_CONDITIONS = DEBUG;
				SWIFT_OPTIMIZATION_LEVEL = "-Onone";
			};
			name = Debug;
		};
		B34AE9FA246E2DB40009183F /* Release */ = {
			isa = XCBuildConfiguration;
			buildSettings = {
				ALWAYS_SEARCH_USER_PATHS = NO;
				CLANG_ANALYZER_NONNULL = YES;
				CLANG_ANALYZER_NUMBER_OBJECT_CONVERSION = YES_AGGRESSIVE;
				CLANG_CXX_LANGUAGE_STANDARD = "gnu++14";
				CLANG_CXX_LIBRARY = "libc++";
				CLANG_ENABLE_MODULES = YES;
				CLANG_ENABLE_OBJC_ARC = YES;
				CLANG_ENABLE_OBJC_WEAK = YES;
				CLANG_WARN_BLOCK_CAPTURE_AUTORELEASING = YES;
				CLANG_WARN_BOOL_CONVERSION = YES;
				CLANG_WARN_COMMA = YES;
				CLANG_WARN_CONSTANT_CONVERSION = YES;
				CLANG_WARN_DEPRECATED_OBJC_IMPLEMENTATIONS = YES;
				CLANG_WARN_DIRECT_OBJC_ISA_USAGE = YES_ERROR;
				CLANG_WARN_DOCUMENTATION_COMMENTS = YES;
				CLANG_WARN_EMPTY_BODY = YES;
				CLANG_WARN_ENUM_CONVERSION = YES;
				CLANG_WARN_INFINITE_RECURSION = YES;
				CLANG_WARN_INT_CONVERSION = YES;
				CLANG_WARN_NON_LITERAL_NULL_CONVERSION = YES;
				CLANG_WARN_OBJC_IMPLICIT_RETAIN_SELF = YES;
				CLANG_WARN_OBJC_LITERAL_CONVERSION = YES;
				CLANG_WARN_OBJC_ROOT_CLASS = YES_ERROR;
				CLANG_WARN_RANGE_LOOP_ANALYSIS = YES;
				CLANG_WARN_STRICT_PROTOTYPES = YES;
				CLANG_WARN_SUSPICIOUS_MOVE = YES;
				CLANG_WARN_UNGUARDED_AVAILABILITY = YES_AGGRESSIVE;
				CLANG_WARN_UNREACHABLE_CODE = YES;
				CLANG_WARN__DUPLICATE_METHOD_MATCH = YES;
				COPY_PHASE_STRIP = NO;
				DEBUG_INFORMATION_FORMAT = "dwarf-with-dsym";
				ENABLE_NS_ASSERTIONS = NO;
				ENABLE_STRICT_OBJC_MSGSEND = YES;
				GCC_C_LANGUAGE_STANDARD = gnu11;
				GCC_NO_COMMON_BLOCKS = YES;
				GCC_WARN_64_TO_32_BIT_CONVERSION = YES;
				GCC_WARN_ABOUT_RETURN_TYPE = YES_ERROR;
				GCC_WARN_UNDECLARED_SELECTOR = YES;
				GCC_WARN_UNINITIALIZED_AUTOS = YES_AGGRESSIVE;
				GCC_WARN_UNUSED_FUNCTION = YES;
				GCC_WARN_UNUSED_VARIABLE = YES;
				IPHONEOS_DEPLOYMENT_TARGET = 13.2;
				MTL_ENABLE_DEBUG_INFO = NO;
				MTL_FAST_MATH = YES;
				SDKROOT = iphoneos;
				SWIFT_COMPILATION_MODE = wholemodule;
				SWIFT_OPTIMIZATION_LEVEL = "-O";
				VALIDATE_PRODUCT = YES;
			};
			name = Release;
		};
		B34AE9FC246E2DB40009183F /* Debug */ = {
			isa = XCBuildConfiguration;
			buildSettings = {
				ALWAYS_EMBED_SWIFT_STANDARD_LIBRARIES = YES;
				ASSETCATALOG_COMPILER_APPICON_NAME = AppIcon;
				CODE_SIGN_STYLE = Automatic;
				DEVELOPMENT_TEAM = X74VG8LAZG;
				INFOPLIST_FILE = "project-nineteen/Info.plist";
				LD_RUNPATH_SEARCH_PATHS = (
					"$(inherited)",
					"@executable_path/Frameworks",
				);
				PRODUCT_BUNDLE_IDENTIFIER = "Pamela-Ianovalli.project-nineteen";
				PRODUCT_NAME = "$(TARGET_NAME)";
				SWIFT_VERSION = 5.0;
				TARGETED_DEVICE_FAMILY = "1,2";
			};
			name = Debug;
		};
		B34AE9FD246E2DB40009183F /* Release */ = {
			isa = XCBuildConfiguration;
			buildSettings = {
				ALWAYS_EMBED_SWIFT_STANDARD_LIBRARIES = YES;
				ASSETCATALOG_COMPILER_APPICON_NAME = AppIcon;
				CODE_SIGN_STYLE = Automatic;
				DEVELOPMENT_TEAM = X74VG8LAZG;
				INFOPLIST_FILE = "project-nineteen/Info.plist";
				LD_RUNPATH_SEARCH_PATHS = (
					"$(inherited)",
					"@executable_path/Frameworks",
				);
				PRODUCT_BUNDLE_IDENTIFIER = "Pamela-Ianovalli.project-nineteen";
				PRODUCT_NAME = "$(TARGET_NAME)";
				SWIFT_VERSION = 5.0;
				TARGETED_DEVICE_FAMILY = "1,2";
			};
			name = Release;
		};
		B34AEA10246E346C0009183F /* Debug */ = {
			isa = XCBuildConfiguration;
			buildSettings = {
				CODE_SIGN_STYLE = Automatic;
				DEVELOPMENT_TEAM = X74VG8LAZG;
				INFOPLIST_FILE = Extension/Info.plist;
				LD_RUNPATH_SEARCH_PATHS = (
					"$(inherited)",
					"@executable_path/Frameworks",
					"@executable_path/../../Frameworks",
				);
				PRODUCT_BUNDLE_IDENTIFIER = "Pamela-Ianovalli.project-nineteen.Extension";
				PRODUCT_NAME = "$(TARGET_NAME)";
				SKIP_INSTALL = YES;
				SWIFT_VERSION = 5.0;
				TARGETED_DEVICE_FAMILY = "1,2";
			};
			name = Debug;
		};
		B34AEA11246E346C0009183F /* Release */ = {
			isa = XCBuildConfiguration;
			buildSettings = {
				CODE_SIGN_STYLE = Automatic;
				DEVELOPMENT_TEAM = X74VG8LAZG;
				INFOPLIST_FILE = Extension/Info.plist;
				LD_RUNPATH_SEARCH_PATHS = (
					"$(inherited)",
					"@executable_path/Frameworks",
					"@executable_path/../../Frameworks",
				);
				PRODUCT_BUNDLE_IDENTIFIER = "Pamela-Ianovalli.project-nineteen.Extension";
				PRODUCT_NAME = "$(TARGET_NAME)";
				SKIP_INSTALL = YES;
				SWIFT_VERSION = 5.0;
				TARGETED_DEVICE_FAMILY = "1,2";
			};
			name = Release;
		};
/* End XCBuildConfiguration section */

/* Begin XCConfigurationList section */
		B34AE9E2246E2DAF0009183F /* Build configuration list for PBXProject "project-nineteen" */ = {
			isa = XCConfigurationList;
			buildConfigurations = (
				B34AE9F9246E2DB40009183F /* Debug */,
				B34AE9FA246E2DB40009183F /* Release */,
			);
			defaultConfigurationIsVisible = 0;
			defaultConfigurationName = Release;
		};
		B34AE9FB246E2DB40009183F /* Build configuration list for PBXNativeTarget "project-nineteen" */ = {
			isa = XCConfigurationList;
			buildConfigurations = (
				B34AE9FC246E2DB40009183F /* Debug */,
				B34AE9FD246E2DB40009183F /* Release */,
			);
			defaultConfigurationIsVisible = 0;
			defaultConfigurationName = Release;
		};
		B34AEA0F246E346C0009183F /* Build configuration list for PBXNativeTarget "Extension" */ = {
			isa = XCConfigurationList;
			buildConfigurations = (
				B34AEA10246E346C0009183F /* Debug */,
				B34AEA11246E346C0009183F /* Release */,
			);
			defaultConfigurationIsVisible = 0;
			defaultConfigurationName = Release;
		};
/* End XCConfigurationList section */
	};
	rootObject = B34AE9DF246E2DAF0009183F /* Project object */;
}
